// !$*UTF8*$!
{
	archiveVersion = 1;
	classes = {
	};
	objectVersion = 46;
	objects = {

/* Begin PBXBuildFile section */
		16F3135001DE04F100000000 /* SpoorTraceFilesTests.mm in objc */ = {isa = PBXBuildFile; fileRef = 3B26A23401DE04F100000000 /* SpoorTraceFilesTests.mm */; };
		16F3135001DE04F100000001 /* SpoorTraceFilesTests.mm in objc */ = {isa = PBXBuildFile; fileRef = 3B26A23401DE04F100000000 /* SpoorTraceFilesTests.mm */; };
		16F313500455B89500000000 /* runtime_common.cc in runtime */ = {isa = PBXBuildFile; fileRef = 3B26A2340455B89500000000 /* runtime_common.cc */; };
		16F313500455B89500000001 /* runtime_common.cc in runtime */ = {isa = PBXBuildFile; fileRef = 3B26A2340455B89500000000 /* runtime_common.cc */; };
		16F3135012901E3900000000 /* SpoorConfig.mm in objc */ = {isa = PBXBuildFile; fileRef = 3B26A23412901E3900000000 /* SpoorConfig.mm */; };
		16F3135012901E3900000001 /* SpoorConfig.mm in objc */ = {isa = PBXBuildFile; fileRef = 3B26A23412901E3900000000 /* SpoorConfig.mm */; };
		16F31350154033C500000000 /* SpoorRuntimeStubTests.mm in objc */ = {isa = PBXBuildFile; fileRef = 3B26A234154033C500000000 /* SpoorRuntimeStubTests.mm */; };
		16F31350154033C500000001 /* SpoorRuntimeStubTests.mm in objc */ = {isa = PBXBuildFile; fileRef = 3B26A234154033C500000000 /* SpoorRuntimeStubTests.mm */; };
		16F31350154033C500000002 /* SpoorRuntimeStubTests.mm in objc */ = {isa = PBXBuildFile; fileRef = 3B26A234154033C500000000 /* SpoorRuntimeStubTests.mm */; };
		16F31350350F722C00000000 /* runtime_stub.cc in runtime */ = {isa = PBXBuildFile; fileRef = 3B26A234350F722C00000000 /* runtime_stub.cc */; };
		16F31350350F722C00000001 /* runtime_stub.cc in runtime */ = {isa = PBXBuildFile; fileRef = 3B26A234350F722C00000000 /* runtime_stub.cc */; };
		16F313503759ADCD00000000 /* SpoorSizeTypeWrapperTests.mm in objc */ = {isa = PBXBuildFile; fileRef = 3B26A2343759ADCD00000000 /* SpoorSizeTypeWrapperTests.mm */; };
		16F313503759ADCD00000001 /* SpoorSizeTypeWrapperTests.mm in objc */ = {isa = PBXBuildFile; fileRef = 3B26A2343759ADCD00000000 /* SpoorSizeTypeWrapperTests.mm */; };
		16F313504348889100000000 /* SpoorTraceFiles.mm in objc */ = {isa = PBXBuildFile; fileRef = 3B26A2344348889100000000 /* SpoorTraceFiles.mm */; };
		16F313504348889100000001 /* SpoorTraceFiles.mm in objc */ = {isa = PBXBuildFile; fileRef = 3B26A2344348889100000000 /* SpoorTraceFiles.mm */; };
		16F313505A67147100000000 /* SpoorConfigTests.mm in objc */ = {isa = PBXBuildFile; fileRef = 3B26A2345A67147100000000 /* SpoorConfigTests.mm */; };
		16F313505A67147100000001 /* SpoorConfigTests.mm in objc */ = {isa = PBXBuildFile; fileRef = 3B26A2345A67147100000000 /* SpoorConfigTests.mm */; };
		16F3135067F8C6ED00000000 /* SpoorSizeTypeWrapper.mm in objc */ = {isa = PBXBuildFile; fileRef = 3B26A23467F8C6ED00000000 /* SpoorSizeTypeWrapper.mm */; };
		16F3135067F8C6ED00000001 /* SpoorSizeTypeWrapper.mm in objc */ = {isa = PBXBuildFile; fileRef = 3B26A23467F8C6ED00000000 /* SpoorSizeTypeWrapper.mm */; };
		16F3135085A1A43000000000 /* SpoorDeletedFilesInfo.mm in objc */ = {isa = PBXBuildFile; fileRef = 3B26A23485A1A43000000000 /* SpoorDeletedFilesInfo.mm */; };
		16F3135085A1A43000000001 /* SpoorDeletedFilesInfo.mm in objc */ = {isa = PBXBuildFile; fileRef = 3B26A23485A1A43000000000 /* SpoorDeletedFilesInfo.mm */; };
		16F31350B5661D1500000000 /* SpoorDeletedFilesInfoTests.mm in objc */ = {isa = PBXBuildFile; fileRef = 3B26A234B5661D1500000000 /* SpoorDeletedFilesInfoTests.mm */; };
		16F31350B5661D1500000001 /* SpoorDeletedFilesInfoTests.mm in objc */ = {isa = PBXBuildFile; fileRef = 3B26A234B5661D1500000000 /* SpoorDeletedFilesInfoTests.mm */; };
		16F31350FDDED5B400000000 /* SpoorRuntime.mm in objc */ = {isa = PBXBuildFile; fileRef = 3B26A234FDDED5B400000000 /* SpoorRuntime.mm */; };
		16F31350FDDED5B400000001 /* SpoorRuntime.mm in objc */ = {isa = PBXBuildFile; fileRef = 3B26A234FDDED5B400000000 /* SpoorRuntime.mm */; };
/* End PBXBuildFile section */

/* Begin PBXContainerItemProxy section */
		3C908CD9263FEEE500000000 /* PBXContainerItemProxy */ = {
			isa = PBXContainerItemProxy;
			containerPortal = 26F61C85DA49C21300000000 /* Project object */;
			proxyType = 1;
			remoteGlobalIDString = 13171EB5263FEEE400000000;
		};
		3C908CD95E0FC66900000000 /* PBXContainerItemProxy */ = {
			isa = PBXContainerItemProxy;
			containerPortal = 26F61C85DA49C21300000000 /* Project object */;
			proxyType = 1;
			remoteGlobalIDString = 758D42AB5E0FC66800000000;
		};
		3C908CD998DE149F00000000 /* PBXContainerItemProxy */ = {
			isa = PBXContainerItemProxy;
			containerPortal = 26F61C85DA49C21300000000 /* Project object */;
			proxyType = 1;
			remoteGlobalIDString = 758D42AB98DE149E00000000;
		};
/* End PBXContainerItemProxy section */

/* Begin PBXFileReference section */
		3B26A23401DE04F100000000 /* SpoorTraceFilesTests.mm */ = {isa = PBXFileReference; lastKnownFileType = sourcecode.cpp.objcpp; name = SpoorTraceFilesTests.mm; path = spoor/runtime/wrappers/objc/SpoorTraceFilesTests.mm; sourceTree = "<group>"; };
		3B26A23402CF3BA800000000 /* libobjc_runtime_stub.a */ = {isa = PBXFileReference; explicitFileType = archive.ar; name = libobjc_runtime_stub.a; path = libobjc_runtime_stub.a; sourceTree = BUILT_PRODUCTS_DIR; };
		3B26A2340455B89500000000 /* runtime_common.cc */ = {isa = PBXFileReference; lastKnownFileType = sourcecode.cpp.cpp; name = runtime_common.cc; path = spoor/runtime/runtime_common.cc; sourceTree = "<group>"; };
		3B26A234111ADBEC00000000 /* libspoor-runtime-wrappers-objc-objc_runtime_wrapper_tests_lib.a */ = {isa = PBXFileReference; explicitFileType = archive.ar; name = "libspoor-runtime-wrappers-objc-objc_runtime_wrapper_tests_lib.a"; path = "libspoor-runtime-wrappers-objc-objc_runtime_wrapper_tests_lib.a"; sourceTree = BUILT_PRODUCTS_DIR; };
		3B26A23411F9EFF200000000 /* libobjc_runtime_wrapper_tests_lib.a */ = {isa = PBXFileReference; explicitFileType = archive.ar; name = libobjc_runtime_wrapper_tests_lib.a; path = libobjc_runtime_wrapper_tests_lib.a; sourceTree = BUILT_PRODUCTS_DIR; };
		3B26A23412901E3900000000 /* SpoorConfig.mm */ = {isa = PBXFileReference; lastKnownFileType = sourcecode.cpp.objcpp; name = SpoorConfig.mm; path = spoor/runtime/wrappers/objc/SpoorConfig.mm; sourceTree = "<group>"; };
		3B26A234154033C500000000 /* SpoorRuntimeStubTests.mm */ = {isa = PBXFileReference; lastKnownFileType = sourcecode.cpp.objcpp; name = SpoorRuntimeStubTests.mm; path = spoor/runtime/wrappers/objc/SpoorRuntimeStubTests.mm; sourceTree = "<group>"; };
		3B26A2342CAB4FD500000000 /* SpoorTypes.h */ = {isa = PBXFileReference; lastKnownFileType = sourcecode.c.h; name = SpoorTypes.h; path = spoor/runtime/wrappers/objc/SpoorTypes.h; sourceTree = "<group>"; };
		3B26A234350F722C00000000 /* runtime_stub.cc */ = {isa = PBXFileReference; lastKnownFileType = sourcecode.cpp.cpp; name = runtime_stub.cc; path = spoor/runtime/runtime_stub.cc; sourceTree = "<group>"; };
		3B26A2343759ADCD00000000 /* SpoorSizeTypeWrapperTests.mm */ = {isa = PBXFileReference; lastKnownFileType = sourcecode.cpp.objcpp; name = SpoorSizeTypeWrapperTests.mm; path = spoor/runtime/wrappers/objc/SpoorSizeTypeWrapperTests.mm; sourceTree = "<group>"; };
		3B26A2343AE89ECC00000000 /* Info.plist */ = {isa = PBXFileReference; explicitFileType = text.plist; name = Info.plist; path = "tulsi-workspace/bazel-tulsi-includes/x/x/spoor/runtime/wrappers/objc/objc_runtime_stub_tests.__internal__.__test_bundle-intermediates/Info.plist"; sourceTree = "<group>"; };
		3B26A234411348E000000000 /* lib_idx_runtime_stub_8DA74B96_ios_min14.4.a */ = {isa = PBXFileReference; explicitFileType = archive.ar; name = lib_idx_runtime_stub_8DA74B96_ios_min14.4.a; path = lib_idx_runtime_stub_8DA74B96_ios_min14.4.a; sourceTree = BUILT_PRODUCTS_DIR; };
		3B26A23443343B5800000000 /* SpoorDeletedFilesInfo.h */ = {isa = PBXFileReference; lastKnownFileType = sourcecode.c.h; name = SpoorDeletedFilesInfo.h; path = spoor/runtime/wrappers/objc/SpoorDeletedFilesInfo.h; sourceTree = "<group>"; };
		3B26A2344348889100000000 /* SpoorTraceFiles.mm */ = {isa = PBXFileReference; lastKnownFileType = sourcecode.cpp.objcpp; name = SpoorTraceFiles.mm; path = spoor/runtime/wrappers/objc/SpoorTraceFiles.mm; sourceTree = "<group>"; };
		3B26A2344D19D41B00000000 /* SpoorTraceFiles.h */ = {isa = PBXFileReference; lastKnownFileType = sourcecode.c.h; name = SpoorTraceFiles.h; path = spoor/runtime/wrappers/objc/SpoorTraceFiles.h; sourceTree = "<group>"; };
		3B26A234529E7BBE00000000 /* SpoorRuntime.h */ = {isa = PBXFileReference; lastKnownFileType = sourcecode.c.h; name = SpoorRuntime.h; path = spoor/runtime/wrappers/objc/SpoorRuntime.h; sourceTree = "<group>"; };
		3B26A2345A67147100000000 /* SpoorConfigTests.mm */ = {isa = PBXFileReference; lastKnownFileType = sourcecode.cpp.objcpp; name = SpoorConfigTests.mm; path = spoor/runtime/wrappers/objc/SpoorConfigTests.mm; sourceTree = "<group>"; };
		3B26A23467F8C6ED00000000 /* SpoorSizeTypeWrapper.mm */ = {isa = PBXFileReference; lastKnownFileType = sourcecode.cpp.objcpp; name = SpoorSizeTypeWrapper.mm; path = spoor/runtime/wrappers/objc/SpoorSizeTypeWrapper.mm; sourceTree = "<group>"; };
		3B26A2346E168D9400000000 /* objc_runtime_stub_tests.xctest */ = {isa = PBXFileReference; explicitFileType = wrapper.cfbundle; name = objc_runtime_stub_tests.xctest; path = objc_runtime_stub_tests.xctest; sourceTree = BUILT_PRODUCTS_DIR; };
		3B26A23471E1C48400000000 /* SpoorTraceFiles_private.h */ = {isa = PBXFileReference; lastKnownFileType = sourcecode.c.h; name = SpoorTraceFiles_private.h; path = spoor/runtime/wrappers/objc/SpoorTraceFiles_private.h; sourceTree = "<group>"; };
		3B26A2347C3999ED00000000 /* Info.plist */ = {isa = PBXFileReference; explicitFileType = text.plist; name = Info.plist; path = "tulsi-workspace/bazel-tulsi-includes/x/x/spoor/runtime/wrappers/objc/objc_runtime_wrapper_tests.__internal__.__test_bundle-intermediates/Info.plist"; sourceTree = "<group>"; };
		3B26A23485A1A43000000000 /* SpoorDeletedFilesInfo.mm */ = {isa = PBXFileReference; lastKnownFileType = sourcecode.cpp.objcpp; name = SpoorDeletedFilesInfo.mm; path = spoor/runtime/wrappers/objc/SpoorDeletedFilesInfo.mm; sourceTree = "<group>"; };
		3B26A234928AB9E200000000 /* lib_idx_runtime_stub_8DA74B96_ios_min9.0.a */ = {isa = PBXFileReference; explicitFileType = archive.ar; name = lib_idx_runtime_stub_8DA74B96_ios_min9.0.a; path = lib_idx_runtime_stub_8DA74B96_ios_min9.0.a; sourceTree = BUILT_PRODUCTS_DIR; };
		3B26A23499CCBDC400000000 /* lib_idx_objc_runtime_stub_tests_lib_objc_runtime_stub_AC489AE0_ios_min9.0.a */ = {isa = PBXFileReference; explicitFileType = archive.ar; name = lib_idx_objc_runtime_stub_tests_lib_objc_runtime_stub_AC489AE0_ios_min9.0.a; path = lib_idx_objc_runtime_stub_tests_lib_objc_runtime_stub_AC489AE0_ios_min9.0.a; sourceTree = BUILT_PRODUCTS_DIR; };
		3B26A234AA95831200000000 /* libspoor-runtime-wrappers-objc-objc_runtime_stub.a */ = {isa = PBXFileReference; explicitFileType = archive.ar; name = "libspoor-runtime-wrappers-objc-objc_runtime_stub.a"; path = "libspoor-runtime-wrappers-objc-objc_runtime_stub.a"; sourceTree = BUILT_PRODUCTS_DIR; };
		3B26A234AB95145E00000000 /* SpoorConfig.h */ = {isa = PBXFileReference; lastKnownFileType = sourcecode.c.h; name = SpoorConfig.h; path = spoor/runtime/wrappers/objc/SpoorConfig.h; sourceTree = "<group>"; };
		3B26A234B5661D1500000000 /* SpoorDeletedFilesInfoTests.mm */ = {isa = PBXFileReference; lastKnownFileType = sourcecode.cpp.objcpp; name = SpoorDeletedFilesInfoTests.mm; path = spoor/runtime/wrappers/objc/SpoorDeletedFilesInfoTests.mm; sourceTree = "<group>"; };
		3B26A234C120CC3000000000 /* lib_idx_objc_runtime_wrapper_tests_lib_objc_runtime_stub_objc_runtime_stub_tests_lib_B7D6D655_ios_min14.4.a */ = {isa = PBXFileReference; explicitFileType = archive.ar; name = lib_idx_objc_runtime_wrapper_tests_lib_objc_runtime_stub_objc_runtime_stub_tests_lib_B7D6D655_ios_min14.4.a; path = lib_idx_objc_runtime_wrapper_tests_lib_objc_runtime_stub_objc_runtime_stub_tests_lib_B7D6D655_ios_min14.4.a; sourceTree = BUILT_PRODUCTS_DIR; };
		3B26A234C7AE873E00000000 /* libobjc_runtime_stub_tests_lib.a */ = {isa = PBXFileReference; explicitFileType = archive.ar; name = libobjc_runtime_stub_tests_lib.a; path = libobjc_runtime_stub_tests_lib.a; sourceTree = BUILT_PRODUCTS_DIR; };
		3B26A234CC0A804600000000 /* libspoor-runtime-wrappers-objc-objc_runtime_stub_tests_lib.a */ = {isa = PBXFileReference; explicitFileType = archive.ar; name = "libspoor-runtime-wrappers-objc-objc_runtime_stub_tests_lib.a"; path = "libspoor-runtime-wrappers-objc-objc_runtime_stub_tests_lib.a"; sourceTree = BUILT_PRODUCTS_DIR; };
		3B26A234DD2AEB4C00000000 /* BUILD */ = {isa = PBXFileReference; lastKnownFileType = text; name = BUILD; path = spoor/runtime/wrappers/objc/BUILD; sourceTree = "<group>"; xcLanguageSpecificationIdentifier = xcode.lang.python; };
		3B26A234E0CC16E000000000 /* SpoorSizeTypeWrapper.h */ = {isa = PBXFileReference; lastKnownFileType = sourcecode.c.h; name = SpoorSizeTypeWrapper.h; path = spoor/runtime/wrappers/objc/SpoorSizeTypeWrapper.h; sourceTree = "<group>"; };
		3B26A234E22D2CBA00000000 /* objc_runtime_wrapper_tests.xctest */ = {isa = PBXFileReference; explicitFileType = wrapper.cfbundle; name = objc_runtime_wrapper_tests.xctest; path = objc_runtime_wrapper_tests.xctest; sourceTree = BUILT_PRODUCTS_DIR; };
		3B26A234E67B30B700000000 /* SpoorSizeTypeWrapper_private.h */ = {isa = PBXFileReference; lastKnownFileType = sourcecode.c.h; name = SpoorSizeTypeWrapper_private.h; path = spoor/runtime/wrappers/objc/SpoorSizeTypeWrapper_private.h; sourceTree = "<group>"; };
		3B26A234F9AFD33C00000000 /* BUILD */ = {isa = PBXFileReference; lastKnownFileType = text; name = BUILD; path = spoor/runtime/BUILD; sourceTree = "<group>"; xcLanguageSpecificationIdentifier = xcode.lang.python; };
		3B26A234FB821C1700000000 /* SpoorConfig_private.h */ = {isa = PBXFileReference; lastKnownFileType = sourcecode.c.h; name = SpoorConfig_private.h; path = spoor/runtime/wrappers/objc/SpoorConfig_private.h; sourceTree = "<group>"; };
		3B26A234FD76B9CD00000000 /* SpoorDeletedFilesInfo_private.h */ = {isa = PBXFileReference; lastKnownFileType = sourcecode.c.h; name = SpoorDeletedFilesInfo_private.h; path = spoor/runtime/wrappers/objc/SpoorDeletedFilesInfo_private.h; sourceTree = "<group>"; };
		3B26A234FDDED5B400000000 /* SpoorRuntime.mm */ = {isa = PBXFileReference; lastKnownFileType = sourcecode.cpp.objcpp; name = SpoorRuntime.mm; path = spoor/runtime/wrappers/objc/SpoorRuntime.mm; sourceTree = "<group>"; };
		3B26A234FE0E5E0F00000000 /* runtime.h */ = {isa = PBXFileReference; lastKnownFileType = sourcecode.c.h; name = runtime.h; path = spoor/runtime/runtime.h; sourceTree = "<group>"; };
/* End PBXFileReference section */

/* Begin PBXGroup section */
		695446040CBCA2F500000000 /* Products */ = {
			isa = PBXGroup;
			children = (
				69544604C29CC46900000000 /* Indexer */,
				69544604EA11CC5D00000000 /* bazel-tulsi-includes */,
				3B26A23402CF3BA800000000 /* libobjc_runtime_stub.a */,
				3B26A234C7AE873E00000000 /* libobjc_runtime_stub_tests_lib.a */,
				3B26A23411F9EFF200000000 /* libobjc_runtime_wrapper_tests_lib.a */,
				3B26A234AA95831200000000 /* libspoor-runtime-wrappers-objc-objc_runtime_stub.a */,
				3B26A234CC0A804600000000 /* libspoor-runtime-wrappers-objc-objc_runtime_stub_tests_lib.a */,
				3B26A234111ADBEC00000000 /* libspoor-runtime-wrappers-objc-objc_runtime_wrapper_tests_lib.a */,
				3B26A2346E168D9400000000 /* objc_runtime_stub_tests.xctest */,
				3B26A234E22D2CBA00000000 /* objc_runtime_wrapper_tests.xctest */,
			);
			name = Products;
			sourceTree = "<group>";
		};
		695446041A993EBB00000000 /* objc_runtime_stub_tests.__internal__.__test_bundle-intermediates */ = {
			isa = PBXGroup;
			children = (
				3B26A2343AE89ECC00000000 /* Info.plist */,
			);
			name = "objc_runtime_stub_tests.__internal__.__test_bundle-intermediates";
			sourceTree = "<group>";
		};
		69544604287A90CD00000000 /* wrappers */ = {
			isa = PBXGroup;
			children = (
				695446043098DBF100000000 /* objc */,
			);
			name = wrappers;
			sourceTree = "<group>";
		};
		69544604287A90CD00000001 /* wrappers */ = {
			isa = PBXGroup;
			children = (
				695446043098DBF100000001 /* objc */,
			);
			name = wrappers;
			sourceTree = "<group>";
		};
		695446043098DBF100000000 /* objc */ = {
			isa = PBXGroup;
			children = (
				695446041A993EBB00000000 /* objc_runtime_stub_tests.__internal__.__test_bundle-intermediates */,
				69544604F15830D300000000 /* objc_runtime_wrapper_tests.__internal__.__test_bundle-intermediates */,
			);
			name = objc;
			sourceTree = "<group>";
		};
		695446043098DBF100000001 /* objc */ = {
			isa = PBXGroup;
			children = (
				3B26A234DD2AEB4C00000000 /* BUILD */,
				3B26A234AB95145E00000000 /* SpoorConfig.h */,
				3B26A23412901E3900000000 /* SpoorConfig.mm */,
				3B26A2345A67147100000000 /* SpoorConfigTests.mm */,
				3B26A234FB821C1700000000 /* SpoorConfig_private.h */,
				3B26A23443343B5800000000 /* SpoorDeletedFilesInfo.h */,
				3B26A23485A1A43000000000 /* SpoorDeletedFilesInfo.mm */,
				3B26A234B5661D1500000000 /* SpoorDeletedFilesInfoTests.mm */,
				3B26A234FD76B9CD00000000 /* SpoorDeletedFilesInfo_private.h */,
				3B26A234529E7BBE00000000 /* SpoorRuntime.h */,
				3B26A234FDDED5B400000000 /* SpoorRuntime.mm */,
				3B26A234154033C500000000 /* SpoorRuntimeStubTests.mm */,
				3B26A234E0CC16E000000000 /* SpoorSizeTypeWrapper.h */,
				3B26A23467F8C6ED00000000 /* SpoorSizeTypeWrapper.mm */,
				3B26A2343759ADCD00000000 /* SpoorSizeTypeWrapperTests.mm */,
				3B26A234E67B30B700000000 /* SpoorSizeTypeWrapper_private.h */,
				3B26A2344D19D41B00000000 /* SpoorTraceFiles.h */,
				3B26A2344348889100000000 /* SpoorTraceFiles.mm */,
				3B26A23401DE04F100000000 /* SpoorTraceFilesTests.mm */,
				3B26A23471E1C48400000000 /* SpoorTraceFiles_private.h */,
				3B26A2342CAB4FD500000000 /* SpoorTypes.h */,
			);
			name = objc;
			sourceTree = "<group>";
		};
		695446045B99AA2100000000 /* mainGroup */ = {
			isa = PBXGroup;
			children = (
				695446040CBCA2F500000000 /* Products */,
				69544604C33C384800000001 /* spoor */,
			);
			name = mainGroup;
			path = ../../../..;
			sourceTree = SOURCE_ROOT;
		};
		695446048153F46400000000 /* x */ = {
			isa = PBXGroup;
			children = (
				695446048153F46400000001 /* x */,
			);
			name = x;
			sourceTree = "<group>";
		};
		695446048153F46400000001 /* x */ = {
			isa = PBXGroup;
			children = (
				69544604C33C384800000000 /* spoor */,
			);
			name = x;
			sourceTree = "<group>";
		};
		695446049C9490D800000000 /* runtime */ = {
			isa = PBXGroup;
			children = (
				69544604287A90CD00000000 /* wrappers */,
			);
			name = runtime;
			sourceTree = "<group>";
		};
		695446049C9490D800000001 /* runtime */ = {
			isa = PBXGroup;
			children = (
				3B26A234F9AFD33C00000000 /* BUILD */,
				3B26A234FE0E5E0F00000000 /* runtime.h */,
				3B26A2340455B89500000000 /* runtime_common.cc */,
				3B26A234350F722C00000000 /* runtime_stub.cc */,
				69544604287A90CD00000001 /* wrappers */,
			);
			name = runtime;
			sourceTree = "<group>";
		};
		69544604C29CC46900000000 /* Indexer */ = {
			isa = PBXGroup;
			children = (
				3B26A23499CCBDC400000000 /* lib_idx_objc_runtime_stub_tests_lib_objc_runtime_stub_AC489AE0_ios_min9.0.a */,
				3B26A234C120CC3000000000 /* lib_idx_objc_runtime_wrapper_tests_lib_objc_runtime_stub_objc_runtime_stub_tests_lib_B7D6D655_ios_min14.4.a */,
				3B26A234411348E000000000 /* lib_idx_runtime_stub_8DA74B96_ios_min14.4.a */,
				3B26A234928AB9E200000000 /* lib_idx_runtime_stub_8DA74B96_ios_min9.0.a */,
			);
			name = Indexer;
			sourceTree = "<group>";
		};
		69544604C33C384800000000 /* spoor */ = {
			isa = PBXGroup;
			children = (
				695446049C9490D800000000 /* runtime */,
			);
			name = spoor;
			sourceTree = "<group>";
		};
		69544604C33C384800000001 /* spoor */ = {
			isa = PBXGroup;
			children = (
				695446049C9490D800000001 /* runtime */,
			);
			name = spoor;
			sourceTree = "<group>";
		};
		69544604EA11CC5D00000000 /* bazel-tulsi-includes */ = {
			isa = PBXGroup;
			children = (
				695446048153F46400000000 /* x */,
			);
			name = "bazel-tulsi-includes";
			sourceTree = "<group>";
		};
		69544604F15830D300000000 /* objc_runtime_wrapper_tests.__internal__.__test_bundle-intermediates */ = {
			isa = PBXGroup;
			children = (
				3B26A2347C3999ED00000000 /* Info.plist */,
			);
			name = "objc_runtime_wrapper_tests.__internal__.__test_bundle-intermediates";
			sourceTree = "<group>";
		};
/* End PBXGroup section */

/* Begin PBXLegacyTarget section */
		13171EB5263FEEE400000000 /* _bazel_clean_ */ = {
			isa = PBXLegacyTarget;
			buildArgumentsString = "\"/usr/local/bin/bazel\" \"bazel-bin\"";
			buildConfigurationList = 589F8086E9D9CA7300000000 /* Build configuration list for PBXLegacyTarget "_bazel_clean_" */;
			buildPhases = (
			);
			buildToolPath = "${PROJECT_FILE_PATH}/.tulsi/Scripts/bazel_clean.sh";
			buildWorkingDirectory = "${SRCROOT}/../../../..";
			dependencies = (
			);
			name = _bazel_clean_;
			passBuildSettingsInEnvironment = 1;
			productName = _bazel_clean_;
		};
/* End PBXLegacyTarget section */

/* Begin PBXNativeTarget section */
		758D42AB2F92911A00000000 /* spoor-runtime-wrappers-objc-objc_runtime_stub_tests_lib */ = {
			isa = PBXNativeTarget;
			buildConfigurationList = 589F8086D63A9AD600000000 /* Build configuration list for PBXNativeTarget "spoor-runtime-wrappers-objc-objc_runtime_stub_tests_lib" */;
			buildPhases = (
				3486656C4200E33C00000001 /* ShellScript */,
			);
			buildRules = (
			);
			dependencies = (
				36C6B992263FEEE500000000 /* PBXTargetDependency */,
			);
			name = "spoor-runtime-wrappers-objc-objc_runtime_stub_tests_lib";
			productName = "spoor-runtime-wrappers-objc-objc_runtime_stub_tests_lib";
			productReference = 3B26A234CC0A804600000000 /* libspoor-runtime-wrappers-objc-objc_runtime_stub_tests_lib.a */;
			productType = "com.apple.product-type.library.static";
		};
		758D42AB4E7E13BA00000000 /* objc_runtime_wrapper_tests_lib */ = {
			isa = PBXNativeTarget;
			buildConfigurationList = 589F808658BB112500000000 /* Build configuration list for PBXNativeTarget "objc_runtime_wrapper_tests_lib" */;
			buildPhases = (
				3486656C7A252D2E00000000 /* ShellScript */,
			);
			buildRules = (
			);
			dependencies = (
				36C6B992263FEEE500000000 /* PBXTargetDependency */,
			);
			name = objc_runtime_wrapper_tests_lib;
			productName = objc_runtime_wrapper_tests_lib;
			productReference = 3B26A23411F9EFF200000000 /* libobjc_runtime_wrapper_tests_lib.a */;
			productType = "com.apple.product-type.library.static";
		};
		758D42AB546F4F6600000000 /* _idx_objc_runtime_wrapper_tests_lib_objc_runtime_stub_objc_runtime_stub_tests_lib_B7D6D655_ios_min14.4 */ = {
			isa = PBXNativeTarget;
			buildConfigurationList = 589F8086B934B4FD00000000 /* Build configuration list for PBXNativeTarget "_idx_objc_runtime_wrapper_tests_lib_objc_runtime_stub_objc_runtime_stub_tests_lib_B7D6D655_ios_min14.4" */;
			buildPhases = (
				B018C85C0000000000000002 /* Sources */,
			);
			buildRules = (
			);
			dependencies = (
				36C6B992263FEEE500000000 /* PBXTargetDependency */,
				36C6B99298DE149F00000000 /* PBXTargetDependency */,
			);
			name = _idx_objc_runtime_wrapper_tests_lib_objc_runtime_stub_objc_runtime_stub_tests_lib_B7D6D655_ios_min14.4;
			productName = _idx_objc_runtime_wrapper_tests_lib_objc_runtime_stub_objc_runtime_stub_tests_lib_B7D6D655_ios_min14.4;
			productReference = 3B26A234C120CC3000000000 /* lib_idx_objc_runtime_wrapper_tests_lib_objc_runtime_stub_objc_runtime_stub_tests_lib_B7D6D655_ios_min14.4.a */;
			productType = "com.apple.product-type.library.static";
		};
		758D42AB5C1C2B6000000000 /* objc_runtime_wrapper_tests */ = {
			isa = PBXNativeTarget;
			buildConfigurationList = 589F8086805A9E4E00000000 /* Build configuration list for PBXNativeTarget "objc_runtime_wrapper_tests" */;
			buildPhases = (
				3486656C3918BF9F00000000 /* ShellScript */,
				3486656C1116071500000000 /* ShellScript */,
				B018C85C0000000000000005 /* Sources */,
			);
			buildRules = (
			);
			dependencies = (
				36C6B992263FEEE500000000 /* PBXTargetDependency */,
			);
			name = objc_runtime_wrapper_tests;
			productName = objc_runtime_wrapper_tests;
			productReference = 3B26A234E22D2CBA00000000 /* objc_runtime_wrapper_tests.xctest */;
			productType = "com.apple.product-type.bundle.unit-test";
		};
		758D42AB5E0FC66800000000 /* _idx_runtime_stub_8DA74B96_ios_min9.0 */ = {
			isa = PBXNativeTarget;
			buildConfigurationList = 589F808625F46CF200000000 /* Build configuration list for PBXNativeTarget "_idx_runtime_stub_8DA74B96_ios_min9.0" */;
			buildPhases = (
				B018C85C0000000000000001 /* Sources */,
			);
			buildRules = (
			);
			dependencies = (
				36C6B992263FEEE500000000 /* PBXTargetDependency */,
			);
			name = _idx_runtime_stub_8DA74B96_ios_min9.0;
			productName = _idx_runtime_stub_8DA74B96_ios_min9.0;
			productReference = 3B26A234928AB9E200000000 /* lib_idx_runtime_stub_8DA74B96_ios_min9.0.a */;
			productType = "com.apple.product-type.library.static";
		};
		758D42AB7AB45B8200000000 /* objc_runtime_stub */ = {
			isa = PBXNativeTarget;
			buildConfigurationList = 589F8086451A28BF00000000 /* Build configuration list for PBXNativeTarget "objc_runtime_stub" */;
			buildPhases = (
				3486656C0640684400000000 /* ShellScript */,
			);
			buildRules = (
			);
			dependencies = (
				36C6B992263FEEE500000000 /* PBXTargetDependency */,
			);
			name = objc_runtime_stub;
			productName = objc_runtime_stub;
			productReference = 3B26A23402CF3BA800000000 /* libobjc_runtime_stub.a */;
			productType = "com.apple.product-type.library.static";
		};
		758D42AB98DE149E00000000 /* _idx_runtime_stub_8DA74B96_ios_min14.4 */ = {
			isa = PBXNativeTarget;
			buildConfigurationList = 589F808605B092F400000000 /* Build configuration list for PBXNativeTarget "_idx_runtime_stub_8DA74B96_ios_min14.4" */;
			buildPhases = (
				B018C85C0000000000000003 /* Sources */,
			);
			buildRules = (
			);
			dependencies = (
				36C6B992263FEEE500000000 /* PBXTargetDependency */,
			);
			name = _idx_runtime_stub_8DA74B96_ios_min14.4;
			productName = _idx_runtime_stub_8DA74B96_ios_min14.4;
			productReference = 3B26A234411348E000000000 /* lib_idx_runtime_stub_8DA74B96_ios_min14.4.a */;
			productType = "com.apple.product-type.library.static";
		};
		758D42AB9D732C6C00000000 /* objc_runtime_stub_tests_lib */ = {
			isa = PBXNativeTarget;
			buildConfigurationList = 589F8086E05528D900000000 /* Build configuration list for PBXNativeTarget "objc_runtime_stub_tests_lib" */;
			buildPhases = (
				3486656C4200E33C00000000 /* ShellScript */,
			);
			buildRules = (
			);
			dependencies = (
				36C6B992263FEEE500000000 /* PBXTargetDependency */,
			);
			name = objc_runtime_stub_tests_lib;
			productName = objc_runtime_stub_tests_lib;
			productReference = 3B26A234C7AE873E00000000 /* libobjc_runtime_stub_tests_lib.a */;
			productType = "com.apple.product-type.library.static";
		};
		758D42ABB301486400000000 /* objc_runtime_stub_tests */ = {
			isa = PBXNativeTarget;
			buildConfigurationList = 589F80862425279500000000 /* Build configuration list for PBXNativeTarget "objc_runtime_stub_tests" */;
			buildPhases = (
				3486656C0DA32B4700000000 /* ShellScript */,
				3486656CD5117C4400000000 /* ShellScript */,
				B018C85C0000000000000004 /* Sources */,
			);
			buildRules = (
			);
			dependencies = (
				36C6B992263FEEE500000000 /* PBXTargetDependency */,
			);
			name = objc_runtime_stub_tests;
			productName = objc_runtime_stub_tests;
			productReference = 3B26A2346E168D9400000000 /* objc_runtime_stub_tests.xctest */;
			productType = "com.apple.product-type.bundle.unit-test";
		};
		758D42ABB581591C00000000 /* spoor-runtime-wrappers-objc-objc_runtime_stub */ = {
			isa = PBXNativeTarget;
			buildConfigurationList = 589F8086C37F232400000000 /* Build configuration list for PBXNativeTarget "spoor-runtime-wrappers-objc-objc_runtime_stub" */;
			buildPhases = (
				3486656C0640684400000001 /* ShellScript */,
			);
			buildRules = (
			);
			dependencies = (
				36C6B992263FEEE500000000 /* PBXTargetDependency */,
			);
			name = "spoor-runtime-wrappers-objc-objc_runtime_stub";
			productName = "spoor-runtime-wrappers-objc-objc_runtime_stub";
			productReference = 3B26A234AA95831200000000 /* libspoor-runtime-wrappers-objc-objc_runtime_stub.a */;
			productType = "com.apple.product-type.library.static";
		};
		758D42ABDF608A5A00000000 /* _idx_objc_runtime_stub_tests_lib_objc_runtime_stub_AC489AE0_ios_min9.0 */ = {
			isa = PBXNativeTarget;
			buildConfigurationList = 589F80860630D45C00000000 /* Build configuration list for PBXNativeTarget "_idx_objc_runtime_stub_tests_lib_objc_runtime_stub_AC489AE0_ios_min9.0" */;
			buildPhases = (
				B018C85C0000000000000000 /* Sources */,
			);
			buildRules = (
			);
			dependencies = (
				36C6B992263FEEE500000000 /* PBXTargetDependency */,
				36C6B9925E0FC66900000000 /* PBXTargetDependency */,
			);
			name = _idx_objc_runtime_stub_tests_lib_objc_runtime_stub_AC489AE0_ios_min9.0;
			productName = _idx_objc_runtime_stub_tests_lib_objc_runtime_stub_AC489AE0_ios_min9.0;
			productReference = 3B26A23499CCBDC400000000 /* lib_idx_objc_runtime_stub_tests_lib_objc_runtime_stub_AC489AE0_ios_min9.0.a */;
			productType = "com.apple.product-type.library.static";
		};
		758D42ABE51D767800000000 /* spoor-runtime-wrappers-objc-objc_runtime_wrapper_tests_lib */ = {
			isa = PBXNativeTarget;
			buildConfigurationList = 589F8086C80E34AB00000000 /* Build configuration list for PBXNativeTarget "spoor-runtime-wrappers-objc-objc_runtime_wrapper_tests_lib" */;
			buildPhases = (
				3486656C7A252D2E00000001 /* ShellScript */,
			);
			buildRules = (
			);
			dependencies = (
				36C6B992263FEEE500000000 /* PBXTargetDependency */,
			);
			name = "spoor-runtime-wrappers-objc-objc_runtime_wrapper_tests_lib";
			productName = "spoor-runtime-wrappers-objc-objc_runtime_wrapper_tests_lib";
			productReference = 3B26A234111ADBEC00000000 /* libspoor-runtime-wrappers-objc-objc_runtime_wrapper_tests_lib.a */;
			productType = "com.apple.product-type.library.static";
		};
/* End PBXNativeTarget section */

/* Begin PBXProject section */
		26F61C85DA49C21300000000 /* Project object */ = {
			isa = PBXProject;
			attributes = {
				LastSwiftUpdateCheck = 0710;
				LastUpgradeCheck = 1000;
			};
			buildConfigurationList = 589F8086A0C17D3D00000000 /* Build configuration list for PBXProject "Spoor" */;
			compatibilityVersion = "Xcode 3.2";
			developmentRegion = English;
			hasScannedForEncodings = 0;
			knownRegions = (
				en,
			);
			mainGroup = 695446045B99AA2100000000 /* mainGroup */;
			targets = (
				13171EB5263FEEE400000000 /* _bazel_clean_ */,
				758D42ABDF608A5A00000000 /* _idx_objc_runtime_stub_tests_lib_objc_runtime_stub_AC489AE0_ios_min9.0 */,
				758D42AB546F4F6600000000 /* _idx_objc_runtime_wrapper_tests_lib_objc_runtime_stub_objc_runtime_stub_tests_lib_B7D6D655_ios_min14.4 */,
				758D42AB98DE149E00000000 /* _idx_runtime_stub_8DA74B96_ios_min14.4 */,
				758D42AB5E0FC66800000000 /* _idx_runtime_stub_8DA74B96_ios_min9.0 */,
				758D42AB7AB45B8200000000 /* objc_runtime_stub */,
				758D42ABB301486400000000 /* objc_runtime_stub_tests */,
				758D42AB9D732C6C00000000 /* objc_runtime_stub_tests_lib */,
				758D42AB5C1C2B6000000000 /* objc_runtime_wrapper_tests */,
				758D42AB4E7E13BA00000000 /* objc_runtime_wrapper_tests_lib */,
				758D42ABB581591C00000000 /* spoor-runtime-wrappers-objc-objc_runtime_stub */,
				758D42AB2F92911A00000000 /* spoor-runtime-wrappers-objc-objc_runtime_stub_tests_lib */,
				758D42ABE51D767800000000 /* spoor-runtime-wrappers-objc-objc_runtime_wrapper_tests_lib */,
			);
		};
/* End PBXProject section */

/* Begin PBXShellScriptBuildPhase section */
		3486656C0640684400000000 /* ShellScript */ = {
			isa = PBXShellScriptBuildPhase;
			buildActionMask = 0;
			files = (
			);
			inputPaths = (
				"$(TARGET_BUILD_DIR)/$(INFOPLIST_PATH)",
			);
			outputPaths = (
			);
			runOnlyForDeploymentPostprocessing = 0;
			shellPath = /bin/bash;
			shellScript = "set -e\ncd \"${SRCROOT}/../../../..\"\nexec \"${PROJECT_FILE_PATH}/.tulsi/Scripts/bazel_build.py\" //spoor/runtime/wrappers/objc:objc_runtime_stub --bazel \"/usr/local/bin/bazel\" --bazel_bin_path \"bazel-bin\" --verbose ";
			showEnvVarsInLog = 1;
		};
		3486656C0640684400000001 /* ShellScript */ = {
			isa = PBXShellScriptBuildPhase;
			buildActionMask = 0;
			files = (
			);
			inputPaths = (
				"$(TARGET_BUILD_DIR)/$(INFOPLIST_PATH)",
			);
			outputPaths = (
			);
			runOnlyForDeploymentPostprocessing = 0;
			shellPath = /bin/bash;
			shellScript = "set -e\ncd \"${SRCROOT}/../../../..\"\nexec \"${PROJECT_FILE_PATH}/.tulsi/Scripts/bazel_build.py\" //spoor/runtime/wrappers/objc:objc_runtime_stub --bazel \"/usr/local/bin/bazel\" --bazel_bin_path \"bazel-bin\" --verbose ";
			showEnvVarsInLog = 1;
		};
		3486656C0DA32B4700000000 /* ShellScript */ = {
			isa = PBXShellScriptBuildPhase;
			buildActionMask = 0;
			files = (
			);
			inputPaths = (
				"$(TARGET_BUILD_DIR)/$(INFOPLIST_PATH)",
			);
			outputPaths = (
			);
			runOnlyForDeploymentPostprocessing = 0;
			shellPath = /bin/bash;
			shellScript = "set -e\ncd \"${SRCROOT}/../../../..\"\nexec \"${PROJECT_FILE_PATH}/.tulsi/Scripts/bazel_build.py\" //spoor/runtime/wrappers/objc:objc_runtime_stub_tests --bazel \"/usr/local/bin/bazel\" --bazel_bin_path \"bazel-bin\" --verbose ";
			showEnvVarsInLog = 1;
		};
		3486656C1116071500000000 /* ShellScript */ = {
			isa = PBXShellScriptBuildPhase;
			buildActionMask = 0;
			files = (
			);
			inputPaths = (
			);
			outputPaths = (
			);
			runOnlyForDeploymentPostprocessing = 0;
			shellPath = /bin/bash;
			shellScript = "# Script to generate dependency files Xcode expects when running tests.\nset -eu\nARCH_ARRAY=($ARCHS)\nFILES=(SpoorTraceFilesTests SpoorDeletedFilesInfoTests SpoorConfigTests SpoorSizeTypeWrapperTests)\nfor ARCH in \"${ARCH_ARRAY[@]}\"\ndo\n  mkdir -p \"$OBJECT_FILE_DIR_normal/$ARCH/\"\n  rm -f \"$OBJECT_FILE_DIR_normal/$ARCH/${PRODUCT_NAME}_dependency_info.dat\"\n  printf '\\x00\\x31\\x00' >\"$OBJECT_FILE_DIR_normal/$ARCH/${PRODUCT_NAME}_dependency_info.dat\"\n  for FILE in \"${FILES[@]}\"\n  do\n    touch \"$OBJECT_FILE_DIR_normal/$ARCH/$FILE.d\"\n  done\ndone";
			showEnvVarsInLog = 1;
		};
		3486656C3918BF9F00000000 /* ShellScript */ = {
			isa = PBXShellScriptBuildPhase;
			buildActionMask = 0;
			files = (
			);
			inputPaths = (
				"$(TARGET_BUILD_DIR)/$(INFOPLIST_PATH)",
			);
			outputPaths = (
			);
			runOnlyForDeploymentPostprocessing = 0;
			shellPath = /bin/bash;
			shellScript = "set -e\ncd \"${SRCROOT}/../../../..\"\nexec \"${PROJECT_FILE_PATH}/.tulsi/Scripts/bazel_build.py\" //spoor/runtime/wrappers/objc:objc_runtime_wrapper_tests --bazel \"/usr/local/bin/bazel\" --bazel_bin_path \"bazel-bin\" --verbose ";
			showEnvVarsInLog = 1;
		};
		3486656C4200E33C00000000 /* ShellScript */ = {
			isa = PBXShellScriptBuildPhase;
			buildActionMask = 0;
			files = (
			);
			inputPaths = (
				"$(TARGET_BUILD_DIR)/$(INFOPLIST_PATH)",
			);
			outputPaths = (
			);
			runOnlyForDeploymentPostprocessing = 0;
			shellPath = /bin/bash;
			shellScript = "set -e\ncd \"${SRCROOT}/../../../..\"\nexec \"${PROJECT_FILE_PATH}/.tulsi/Scripts/bazel_build.py\" //spoor/runtime/wrappers/objc:objc_runtime_stub_tests_lib --bazel \"/usr/local/bin/bazel\" --bazel_bin_path \"bazel-bin\" --verbose ";
			showEnvVarsInLog = 1;
		};
		3486656C4200E33C00000001 /* ShellScript */ = {
			isa = PBXShellScriptBuildPhase;
			buildActionMask = 0;
			files = (
			);
			inputPaths = (
				"$(TARGET_BUILD_DIR)/$(INFOPLIST_PATH)",
			);
			outputPaths = (
			);
			runOnlyForDeploymentPostprocessing = 0;
			shellPath = /bin/bash;
			shellScript = "set -e\ncd \"${SRCROOT}/../../../..\"\nexec \"${PROJECT_FILE_PATH}/.tulsi/Scripts/bazel_build.py\" //spoor/runtime/wrappers/objc:objc_runtime_stub_tests_lib --bazel \"/usr/local/bin/bazel\" --bazel_bin_path \"bazel-bin\" --verbose ";
			showEnvVarsInLog = 1;
		};
		3486656C7A252D2E00000000 /* ShellScript */ = {
			isa = PBXShellScriptBuildPhase;
			buildActionMask = 0;
			files = (
			);
			inputPaths = (
				"$(TARGET_BUILD_DIR)/$(INFOPLIST_PATH)",
			);
			outputPaths = (
			);
			runOnlyForDeploymentPostprocessing = 0;
			shellPath = /bin/bash;
			shellScript = "set -e\ncd \"${SRCROOT}/../../../..\"\nexec \"${PROJECT_FILE_PATH}/.tulsi/Scripts/bazel_build.py\" //spoor/runtime/wrappers/objc:objc_runtime_wrapper_tests_lib --bazel \"/usr/local/bin/bazel\" --bazel_bin_path \"bazel-bin\" --verbose ";
			showEnvVarsInLog = 1;
		};
		3486656C7A252D2E00000001 /* ShellScript */ = {
			isa = PBXShellScriptBuildPhase;
			buildActionMask = 0;
			files = (
			);
			inputPaths = (
				"$(TARGET_BUILD_DIR)/$(INFOPLIST_PATH)",
			);
			outputPaths = (
			);
			runOnlyForDeploymentPostprocessing = 0;
			shellPath = /bin/bash;
			shellScript = "set -e\ncd \"${SRCROOT}/../../../..\"\nexec \"${PROJECT_FILE_PATH}/.tulsi/Scripts/bazel_build.py\" //spoor/runtime/wrappers/objc:objc_runtime_wrapper_tests_lib --bazel \"/usr/local/bin/bazel\" --bazel_bin_path \"bazel-bin\" --verbose ";
			showEnvVarsInLog = 1;
		};
		3486656CD5117C4400000000 /* ShellScript */ = {
			isa = PBXShellScriptBuildPhase;
			buildActionMask = 0;
			files = (
			);
			inputPaths = (
			);
			outputPaths = (
			);
			runOnlyForDeploymentPostprocessing = 0;
			shellPath = /bin/bash;
			shellScript = "# Script to generate dependency files Xcode expects when running tests.\nset -eu\nARCH_ARRAY=($ARCHS)\nFILES=(SpoorRuntimeStubTests)\nfor ARCH in \"${ARCH_ARRAY[@]}\"\ndo\n  mkdir -p \"$OBJECT_FILE_DIR_normal/$ARCH/\"\n  rm -f \"$OBJECT_FILE_DIR_normal/$ARCH/${PRODUCT_NAME}_dependency_info.dat\"\n  printf '\\x00\\x31\\x00' >\"$OBJECT_FILE_DIR_normal/$ARCH/${PRODUCT_NAME}_dependency_info.dat\"\n  for FILE in \"${FILES[@]}\"\n  do\n    touch \"$OBJECT_FILE_DIR_normal/$ARCH/$FILE.d\"\n  done\ndone";
			showEnvVarsInLog = 1;
		};
/* End PBXShellScriptBuildPhase section */

/* Begin PBXSourcesBuildPhase section */
		B018C85C0000000000000000 /* Sources */ = {
			isa = PBXSourcesBuildPhase;
			buildActionMask = 0;
			files = (
				16F31350154033C500000000 /* SpoorRuntimeStubTests.mm in objc */,
				16F3135067F8C6ED00000000 /* SpoorSizeTypeWrapper.mm in objc */,
				16F3135012901E3900000000 /* SpoorConfig.mm in objc */,
				16F3135085A1A43000000000 /* SpoorDeletedFilesInfo.mm in objc */,
				16F313504348889100000000 /* SpoorTraceFiles.mm in objc */,
				16F31350FDDED5B400000000 /* SpoorRuntime.mm in objc */,
			);
			runOnlyForDeploymentPostprocessing = 0;
		};
		B018C85C0000000000000001 /* Sources */ = {
			isa = PBXSourcesBuildPhase;
			buildActionMask = 0;
			files = (
				16F313500455B89500000000 /* runtime_common.cc in runtime */,
				16F31350350F722C00000000 /* runtime_stub.cc in runtime */,
			);
			runOnlyForDeploymentPostprocessing = 0;
		};
		B018C85C0000000000000002 /* Sources */ = {
			isa = PBXSourcesBuildPhase;
			buildActionMask = 0;
			files = (
				16F3135001DE04F100000000 /* SpoorTraceFilesTests.mm in objc */,
				16F31350B5661D1500000000 /* SpoorDeletedFilesInfoTests.mm in objc */,
				16F313505A67147100000000 /* SpoorConfigTests.mm in objc */,
				16F313503759ADCD00000000 /* SpoorSizeTypeWrapperTests.mm in objc */,
				16F3135067F8C6ED00000001 /* SpoorSizeTypeWrapper.mm in objc */,
				16F3135012901E3900000001 /* SpoorConfig.mm in objc */,
				16F3135085A1A43000000001 /* SpoorDeletedFilesInfo.mm in objc */,
				16F313504348889100000001 /* SpoorTraceFiles.mm in objc */,
				16F31350FDDED5B400000001 /* SpoorRuntime.mm in objc */,
				16F31350154033C500000001 /* SpoorRuntimeStubTests.mm in objc */,
			);
			runOnlyForDeploymentPostprocessing = 0;
		};
		B018C85C0000000000000003 /* Sources */ = {
			isa = PBXSourcesBuildPhase;
			buildActionMask = 0;
			files = (
				16F313500455B89500000001 /* runtime_common.cc in runtime */,
				16F31350350F722C00000001 /* runtime_stub.cc in runtime */,
			);
			runOnlyForDeploymentPostprocessing = 0;
		};
		B018C85C0000000000000004 /* Sources */ = {
			isa = PBXSourcesBuildPhase;
			buildActionMask = 0;
			files = (
				16F31350154033C500000002 /* SpoorRuntimeStubTests.mm in objc */,
			);
			runOnlyForDeploymentPostprocessing = 0;
		};
		B018C85C0000000000000005 /* Sources */ = {
			isa = PBXSourcesBuildPhase;
			buildActionMask = 0;
			files = (
				16F3135001DE04F100000001 /* SpoorTraceFilesTests.mm in objc */,
				16F31350B5661D1500000001 /* SpoorDeletedFilesInfoTests.mm in objc */,
				16F313505A67147100000001 /* SpoorConfigTests.mm in objc */,
				16F313503759ADCD00000001 /* SpoorSizeTypeWrapperTests.mm in objc */,
			);
			runOnlyForDeploymentPostprocessing = 0;
		};
/* End PBXSourcesBuildPhase section */

/* Begin PBXTargetDependency section */
		36C6B992263FEEE500000000 /* PBXTargetDependency */ = {
			isa = PBXTargetDependency;
			targetProxy = 3C908CD9263FEEE500000000 /* PBXContainerItemProxy */;
		};
		36C6B9925E0FC66900000000 /* PBXTargetDependency */ = {
			isa = PBXTargetDependency;
			targetProxy = 3C908CD95E0FC66900000000 /* PBXContainerItemProxy */;
		};
		36C6B99298DE149F00000000 /* PBXTargetDependency */ = {
			isa = PBXTargetDependency;
			targetProxy = 3C908CD998DE149F00000000 /* PBXContainerItemProxy */;
		};
/* End PBXTargetDependency section */

/* Begin XCBuildConfiguration section */
		5EAF2A2C43EAD70B00000000 /* __TulsiTestRunner_Debug */ = {
			isa = XCBuildConfiguration;
			buildSettings = {
				ALWAYS_SEARCH_USER_PATHS = NO;
				CLANG_CXX_LANGUAGE_STANDARD = "gnu++17";
				CLANG_ENABLE_OBJC_ARC = YES;
				CLANG_WARN_BOOL_CONVERSION = YES;
				CLANG_WARN_CONSTANT_CONVERSION = YES;
				CLANG_WARN_EMPTY_BODY = YES;
				CLANG_WARN_ENUM_CONVERSION = YES;
				CLANG_WARN_INT_CONVERSION = YES;
				CLANG_WARN_UNREACHABLE_CODE = YES;
				CLANG_WARN__DUPLICATE_METHOD_MATCH = YES;
				CODE_SIGNING_REQUIRED = NO;
				CODE_SIGN_IDENTITY = "";
				DONT_RUN_SWIFT_STDLIB_TOOL = YES;
				ENABLE_TESTABILITY = YES;
				FRAMEWORK_SEARCH_PATHS = "";
				GCC_PREPROCESSOR_DEFINITIONS = "DEBUG=1";
				GCC_WARN_64_TO_32_BIT_CONVERSION = YES;
				GCC_WARN_ABOUT_RETURN_TYPE = YES;
				GCC_WARN_UNDECLARED_SELECTOR = YES;
				GCC_WARN_UNINITIALIZED_AUTOS = YES;
				GCC_WARN_UNUSED_FUNCTION = YES;
				GCC_WARN_UNUSED_VARIABLE = YES;
				HEADER_SEARCH_PATHS = "";
				ONLY_ACTIVE_ARCH = YES;
				OTHER_CFLAGS = "--version";
				OTHER_LDFLAGS = "--version";
				OTHER_SWIFT_FLAGS = "--version";
				PYTHONIOENCODING = utf8;
				SDKROOT = iphoneos;
				SWIFT_INSTALL_OBJC_HEADER = NO;
				SWIFT_OBJC_INTERFACE_HEADER_NAME = "$(PRODUCT_NAME).h";
				TULSI_BWRS = "$(PROJECT_FILE_PATH)/.tulsi/tulsi-workspace";
				TULSI_LLDBINIT_FILE = "$(PROJECT_FILE_PATH)/.tulsi/Utils/lldbinit";
				TULSI_PROJECT = Spoor;
				TULSI_VERSION = 0.20210318.88;
				TULSI_WR = "${SRCROOT}/../../../..";
			};
			name = __TulsiTestRunner_Debug;
		};
		5EAF2A2C43EAD70B00000001 /* __TulsiTestRunner_Debug */ = {
			isa = XCBuildConfiguration;
			buildSettings = {
				ASSETCATALOG_COMPILER_LAUNCHIMAGE_NAME = "Stub Launch Image";
				BAZEL_TARGET = "//spoor/runtime/wrappers/objc:objc_runtime_stub";
				DEBUG_INFORMATION_FORMAT = dwarf;
				FRAMEWORK_SEARCH_PATHS = "";
				GCC_PREPROCESSOR_DEFINITIONS = "DEBUG=1";
				HEADER_SEARCH_PATHS = "";
				INFOPLIST_FILE = "${PROJECT_FILE_PATH}/.tulsi/Resources/StubInfoPlist.plist";
				IPHONEOS_DEPLOYMENT_TARGET = 9.0;
				ONLY_ACTIVE_ARCH = YES;
				OTHER_CFLAGS = "--version";
				OTHER_LDFLAGS = "--version";
				OTHER_SWIFT_FLAGS = "--version";
				PRODUCT_NAME = objc_runtime_stub;
				SDKROOT = iphoneos;
				SWIFT_INSTALL_OBJC_HEADER = NO;
				SWIFT_OBJC_INTERFACE_HEADER_NAME = "$(PRODUCT_NAME).h";
				TULSI_BUILD_PATH = spoor/runtime/wrappers/objc;
				TULSI_XCODE_VERSION = 12.4.0.12D4e;
			};
			name = __TulsiTestRunner_Debug;
		};
		5EAF2A2C43EAD70B00000002 /* __TulsiTestRunner_Debug */ = {
			isa = XCBuildConfiguration;
			buildSettings = {
				ASSETCATALOG_COMPILER_LAUNCHIMAGE_NAME = "Stub Launch Image";
				BAZEL_TARGET = "//spoor/runtime/wrappers/objc:objc_runtime_stub_tests";
				DEBUG_INFORMATION_FORMAT = dwarf;
				FRAMEWORK_SEARCH_PATHS = "";
				GCC_PREPROCESSOR_DEFINITIONS = "DEBUG=1";
				HEADER_SEARCH_PATHS = "";
				INFOPLIST_FILE = "${PROJECT_FILE_PATH}/.tulsi/Resources/StubInfoPlist.plist";
				IPHONEOS_DEPLOYMENT_TARGET = 9.0;
				ONLY_ACTIVE_ARCH = YES;
				OTHER_CFLAGS = "--version";
				OTHER_LDFLAGS = "--version";
				OTHER_SWIFT_FLAGS = "--version";
				PRODUCT_BUNDLE_IDENTIFIER = com.bazelbuild.rulesapple.Tests;
				PRODUCT_NAME = objc_runtime_stub_tests;
				SDKROOT = iphoneos;
				SWIFT_INSTALL_OBJC_HEADER = NO;
				SWIFT_OBJC_INTERFACE_HEADER_NAME = "$(PRODUCT_NAME).h";
				TULSI_BUILD_PATH = spoor/runtime/wrappers/objc;
				TULSI_TEST_RUNNER_ONLY = YES;
				TULSI_XCODE_VERSION = 12.4.0.12D4e;
			};
			name = __TulsiTestRunner_Debug;
		};
		5EAF2A2C43EAD70B00000003 /* __TulsiTestRunner_Debug */ = {
			isa = XCBuildConfiguration;
			buildSettings = {
				ASSETCATALOG_COMPILER_LAUNCHIMAGE_NAME = "Stub Launch Image";
				BAZEL_TARGET = "//spoor/runtime/wrappers/objc:objc_runtime_stub_tests_lib";
				DEBUG_INFORMATION_FORMAT = dwarf;
				FRAMEWORK_SEARCH_PATHS = "";
				GCC_PREPROCESSOR_DEFINITIONS = "DEBUG=1";
				HEADER_SEARCH_PATHS = "";
				INFOPLIST_FILE = "${PROJECT_FILE_PATH}/.tulsi/Resources/StubInfoPlist.plist";
				IPHONEOS_DEPLOYMENT_TARGET = 9.0;
				ONLY_ACTIVE_ARCH = YES;
				OTHER_CFLAGS = "--version";
				OTHER_LDFLAGS = "--version";
				OTHER_SWIFT_FLAGS = "--version";
				PRODUCT_NAME = objc_runtime_stub_tests_lib;
				SDKROOT = iphoneos;
				SWIFT_INSTALL_OBJC_HEADER = NO;
				SWIFT_OBJC_INTERFACE_HEADER_NAME = "$(PRODUCT_NAME).h";
				TULSI_BUILD_PATH = spoor/runtime/wrappers/objc;
				TULSI_XCODE_VERSION = 12.4.0.12D4e;
			};
			name = __TulsiTestRunner_Debug;
		};
		5EAF2A2C43EAD70B00000004 /* __TulsiTestRunner_Debug */ = {
			isa = XCBuildConfiguration;
			buildSettings = {
				ASSETCATALOG_COMPILER_LAUNCHIMAGE_NAME = "Stub Launch Image";
				BAZEL_TARGET = "//spoor/runtime/wrappers/objc:objc_runtime_wrapper_tests";
				DEBUG_INFORMATION_FORMAT = dwarf;
				FRAMEWORK_SEARCH_PATHS = "";
				GCC_PREPROCESSOR_DEFINITIONS = "DEBUG=1";
				HEADER_SEARCH_PATHS = "";
				INFOPLIST_FILE = "${PROJECT_FILE_PATH}/.tulsi/Resources/StubInfoPlist.plist";
				IPHONEOS_DEPLOYMENT_TARGET = 9.0;
				ONLY_ACTIVE_ARCH = YES;
				OTHER_CFLAGS = "--version";
				OTHER_LDFLAGS = "--version";
				OTHER_SWIFT_FLAGS = "--version";
				PRODUCT_BUNDLE_IDENTIFIER = com.bazelbuild.rulesapple.Tests;
				PRODUCT_NAME = objc_runtime_wrapper_tests;
				SDKROOT = iphoneos;
				SWIFT_INSTALL_OBJC_HEADER = NO;
				SWIFT_OBJC_INTERFACE_HEADER_NAME = "$(PRODUCT_NAME).h";
				TULSI_BUILD_PATH = spoor/runtime/wrappers/objc;
				TULSI_TEST_RUNNER_ONLY = YES;
				TULSI_XCODE_VERSION = 12.4.0.12D4e;
			};
			name = __TulsiTestRunner_Debug;
		};
		5EAF2A2C43EAD70B00000005 /* __TulsiTestRunner_Debug */ = {
			isa = XCBuildConfiguration;
			buildSettings = {
				ASSETCATALOG_COMPILER_LAUNCHIMAGE_NAME = "Stub Launch Image";
				BAZEL_TARGET = "//spoor/runtime/wrappers/objc:objc_runtime_wrapper_tests_lib";
				DEBUG_INFORMATION_FORMAT = dwarf;
				FRAMEWORK_SEARCH_PATHS = "";
				GCC_PREPROCESSOR_DEFINITIONS = "DEBUG=1";
				HEADER_SEARCH_PATHS = "";
				INFOPLIST_FILE = "${PROJECT_FILE_PATH}/.tulsi/Resources/StubInfoPlist.plist";
				IPHONEOS_DEPLOYMENT_TARGET = 14.4;
				ONLY_ACTIVE_ARCH = YES;
				OTHER_CFLAGS = "--version";
				OTHER_LDFLAGS = "--version";
				OTHER_SWIFT_FLAGS = "--version";
				PRODUCT_NAME = objc_runtime_wrapper_tests_lib;
				SDKROOT = iphoneos;
				SWIFT_INSTALL_OBJC_HEADER = NO;
				SWIFT_OBJC_INTERFACE_HEADER_NAME = "$(PRODUCT_NAME).h";
				TULSI_BUILD_PATH = spoor/runtime/wrappers/objc;
				TULSI_XCODE_VERSION = 12.4.0.12D4e;
			};
			name = __TulsiTestRunner_Debug;
		};
		5EAF2A2C43EAD70B00000006 /* __TulsiTestRunner_Debug */ = {
			isa = XCBuildConfiguration;
			buildSettings = {
				ASSETCATALOG_COMPILER_LAUNCHIMAGE_NAME = "Stub Launch Image";
				BAZEL_TARGET = "//spoor/runtime/wrappers/objc:objc_runtime_stub";
				DEBUG_INFORMATION_FORMAT = dwarf;
				FRAMEWORK_SEARCH_PATHS = "";
				GCC_PREPROCESSOR_DEFINITIONS = "DEBUG=1";
				HEADER_SEARCH_PATHS = "";
				INFOPLIST_FILE = "${PROJECT_FILE_PATH}/.tulsi/Resources/StubInfoPlist.plist";
				IPHONEOS_DEPLOYMENT_TARGET = 14.4;
				ONLY_ACTIVE_ARCH = YES;
				OTHER_CFLAGS = "--version";
				OTHER_LDFLAGS = "--version";
				OTHER_SWIFT_FLAGS = "--version";
				PRODUCT_NAME = "spoor-runtime-wrappers-objc-objc_runtime_stub";
				SDKROOT = iphoneos;
				SWIFT_INSTALL_OBJC_HEADER = NO;
				SWIFT_OBJC_INTERFACE_HEADER_NAME = "$(PRODUCT_NAME).h";
				TULSI_BUILD_PATH = spoor/runtime/wrappers/objc;
				TULSI_XCODE_VERSION = 12.4.0.12D4e;
			};
			name = __TulsiTestRunner_Debug;
		};
		5EAF2A2C43EAD70B00000007 /* __TulsiTestRunner_Debug */ = {
			isa = XCBuildConfiguration;
			buildSettings = {
				ASSETCATALOG_COMPILER_LAUNCHIMAGE_NAME = "Stub Launch Image";
				BAZEL_TARGET = "//spoor/runtime/wrappers/objc:objc_runtime_stub_tests_lib";
				DEBUG_INFORMATION_FORMAT = dwarf;
				FRAMEWORK_SEARCH_PATHS = "";
				GCC_PREPROCESSOR_DEFINITIONS = "DEBUG=1";
				HEADER_SEARCH_PATHS = "";
				INFOPLIST_FILE = "${PROJECT_FILE_PATH}/.tulsi/Resources/StubInfoPlist.plist";
				IPHONEOS_DEPLOYMENT_TARGET = 14.4;
				ONLY_ACTIVE_ARCH = YES;
				OTHER_CFLAGS = "--version";
				OTHER_LDFLAGS = "--version";
				OTHER_SWIFT_FLAGS = "--version";
				PRODUCT_NAME = "spoor-runtime-wrappers-objc-objc_runtime_stub_tests_lib";
				SDKROOT = iphoneos;
				SWIFT_INSTALL_OBJC_HEADER = NO;
				SWIFT_OBJC_INTERFACE_HEADER_NAME = "$(PRODUCT_NAME).h";
				TULSI_BUILD_PATH = spoor/runtime/wrappers/objc;
				TULSI_XCODE_VERSION = 12.4.0.12D4e;
			};
			name = __TulsiTestRunner_Debug;
		};
		5EAF2A2C43EAD70B00000008 /* __TulsiTestRunner_Debug */ = {
			isa = XCBuildConfiguration;
			buildSettings = {
				ASSETCATALOG_COMPILER_LAUNCHIMAGE_NAME = "Stub Launch Image";
				BAZEL_TARGET = "//spoor/runtime/wrappers/objc:objc_runtime_wrapper_tests_lib";
				DEBUG_INFORMATION_FORMAT = dwarf;
				FRAMEWORK_SEARCH_PATHS = "";
				GCC_PREPROCESSOR_DEFINITIONS = "DEBUG=1";
				HEADER_SEARCH_PATHS = "";
				INFOPLIST_FILE = "${PROJECT_FILE_PATH}/.tulsi/Resources/StubInfoPlist.plist";
				IPHONEOS_DEPLOYMENT_TARGET = 9.0;
				ONLY_ACTIVE_ARCH = YES;
				OTHER_CFLAGS = "--version";
				OTHER_LDFLAGS = "--version";
				OTHER_SWIFT_FLAGS = "--version";
				PRODUCT_NAME = "spoor-runtime-wrappers-objc-objc_runtime_wrapper_tests_lib";
				SDKROOT = iphoneos;
				SWIFT_INSTALL_OBJC_HEADER = NO;
				SWIFT_OBJC_INTERFACE_HEADER_NAME = "$(PRODUCT_NAME).h";
				TULSI_BUILD_PATH = spoor/runtime/wrappers/objc;
				TULSI_XCODE_VERSION = 12.4.0.12D4e;
			};
			name = __TulsiTestRunner_Debug;
		};
		5EAF2A2C58EC765D00000000 /* __TulsiTestRunner_Release */ = {
			isa = XCBuildConfiguration;
			buildSettings = {
				ALWAYS_SEARCH_USER_PATHS = NO;
				CLANG_CXX_LANGUAGE_STANDARD = "gnu++17";
				CLANG_ENABLE_OBJC_ARC = YES;
				CLANG_WARN_BOOL_CONVERSION = YES;
				CLANG_WARN_CONSTANT_CONVERSION = YES;
				CLANG_WARN_EMPTY_BODY = YES;
				CLANG_WARN_ENUM_CONVERSION = YES;
				CLANG_WARN_INT_CONVERSION = YES;
				CLANG_WARN_UNREACHABLE_CODE = YES;
				CLANG_WARN__DUPLICATE_METHOD_MATCH = YES;
				CODE_SIGNING_REQUIRED = NO;
				CODE_SIGN_IDENTITY = "";
				DONT_RUN_SWIFT_STDLIB_TOOL = YES;
				ENABLE_TESTABILITY = YES;
				FRAMEWORK_SEARCH_PATHS = "";
				GCC_PREPROCESSOR_DEFINITIONS = "NDEBUG=1";
				GCC_WARN_64_TO_32_BIT_CONVERSION = YES;
				GCC_WARN_ABOUT_RETURN_TYPE = YES;
				GCC_WARN_UNDECLARED_SELECTOR = YES;
				GCC_WARN_UNINITIALIZED_AUTOS = YES;
				GCC_WARN_UNUSED_FUNCTION = YES;
				GCC_WARN_UNUSED_VARIABLE = YES;
				HEADER_SEARCH_PATHS = "";
				ONLY_ACTIVE_ARCH = YES;
				OTHER_CFLAGS = "--version";
				OTHER_LDFLAGS = "--version";
				OTHER_SWIFT_FLAGS = "--version";
				PYTHONIOENCODING = utf8;
				SDKROOT = iphoneos;
				SWIFT_INSTALL_OBJC_HEADER = NO;
				SWIFT_OBJC_INTERFACE_HEADER_NAME = "$(PRODUCT_NAME).h";
				TULSI_BWRS = "$(PROJECT_FILE_PATH)/.tulsi/tulsi-workspace";
				TULSI_LLDBINIT_FILE = "$(PROJECT_FILE_PATH)/.tulsi/Utils/lldbinit";
				TULSI_PROJECT = Spoor;
				TULSI_VERSION = 0.20210318.88;
				TULSI_WR = "${SRCROOT}/../../../..";
			};
			name = __TulsiTestRunner_Release;
		};
		5EAF2A2C58EC765D00000001 /* __TulsiTestRunner_Release */ = {
			isa = XCBuildConfiguration;
			buildSettings = {
				ASSETCATALOG_COMPILER_LAUNCHIMAGE_NAME = "Stub Launch Image";
				BAZEL_TARGET = "//spoor/runtime/wrappers/objc:objc_runtime_stub";
				DEBUG_INFORMATION_FORMAT = dwarf;
				FRAMEWORK_SEARCH_PATHS = "";
				GCC_PREPROCESSOR_DEFINITIONS = "NDEBUG=1";
				HEADER_SEARCH_PATHS = "";
				INFOPLIST_FILE = "${PROJECT_FILE_PATH}/.tulsi/Resources/StubInfoPlist.plist";
				IPHONEOS_DEPLOYMENT_TARGET = 9.0;
				ONLY_ACTIVE_ARCH = YES;
				OTHER_CFLAGS = "--version";
				OTHER_LDFLAGS = "--version";
				OTHER_SWIFT_FLAGS = "--version";
				PRODUCT_NAME = objc_runtime_stub;
				SDKROOT = iphoneos;
				SWIFT_INSTALL_OBJC_HEADER = NO;
				SWIFT_OBJC_INTERFACE_HEADER_NAME = "$(PRODUCT_NAME).h";
				TULSI_BUILD_PATH = spoor/runtime/wrappers/objc;
				TULSI_XCODE_VERSION = 12.4.0.12D4e;
			};
			name = __TulsiTestRunner_Release;
		};
		5EAF2A2C58EC765D00000002 /* __TulsiTestRunner_Release */ = {
			isa = XCBuildConfiguration;
			buildSettings = {
				ASSETCATALOG_COMPILER_LAUNCHIMAGE_NAME = "Stub Launch Image";
				BAZEL_TARGET = "//spoor/runtime/wrappers/objc:objc_runtime_stub_tests";
				DEBUG_INFORMATION_FORMAT = dwarf;
				FRAMEWORK_SEARCH_PATHS = "";
				GCC_PREPROCESSOR_DEFINITIONS = "NDEBUG=1";
				HEADER_SEARCH_PATHS = "";
				INFOPLIST_FILE = "${PROJECT_FILE_PATH}/.tulsi/Resources/StubInfoPlist.plist";
				IPHONEOS_DEPLOYMENT_TARGET = 9.0;
				ONLY_ACTIVE_ARCH = YES;
				OTHER_CFLAGS = "--version";
				OTHER_LDFLAGS = "--version";
				OTHER_SWIFT_FLAGS = "--version";
				PRODUCT_BUNDLE_IDENTIFIER = com.bazelbuild.rulesapple.Tests;
				PRODUCT_NAME = objc_runtime_stub_tests;
				SDKROOT = iphoneos;
				SWIFT_INSTALL_OBJC_HEADER = NO;
				SWIFT_OBJC_INTERFACE_HEADER_NAME = "$(PRODUCT_NAME).h";
				TULSI_BUILD_PATH = spoor/runtime/wrappers/objc;
				TULSI_TEST_RUNNER_ONLY = YES;
				TULSI_XCODE_VERSION = 12.4.0.12D4e;
			};
			name = __TulsiTestRunner_Release;
		};
		5EAF2A2C58EC765D00000003 /* __TulsiTestRunner_Release */ = {
			isa = XCBuildConfiguration;
			buildSettings = {
				ASSETCATALOG_COMPILER_LAUNCHIMAGE_NAME = "Stub Launch Image";
				BAZEL_TARGET = "//spoor/runtime/wrappers/objc:objc_runtime_stub_tests_lib";
				DEBUG_INFORMATION_FORMAT = dwarf;
				FRAMEWORK_SEARCH_PATHS = "";
				GCC_PREPROCESSOR_DEFINITIONS = "NDEBUG=1";
				HEADER_SEARCH_PATHS = "";
				INFOPLIST_FILE = "${PROJECT_FILE_PATH}/.tulsi/Resources/StubInfoPlist.plist";
				IPHONEOS_DEPLOYMENT_TARGET = 9.0;
				ONLY_ACTIVE_ARCH = YES;
				OTHER_CFLAGS = "--version";
				OTHER_LDFLAGS = "--version";
				OTHER_SWIFT_FLAGS = "--version";
				PRODUCT_NAME = objc_runtime_stub_tests_lib;
				SDKROOT = iphoneos;
				SWIFT_INSTALL_OBJC_HEADER = NO;
				SWIFT_OBJC_INTERFACE_HEADER_NAME = "$(PRODUCT_NAME).h";
				TULSI_BUILD_PATH = spoor/runtime/wrappers/objc;
				TULSI_XCODE_VERSION = 12.4.0.12D4e;
			};
			name = __TulsiTestRunner_Release;
		};
		5EAF2A2C58EC765D00000004 /* __TulsiTestRunner_Release */ = {
			isa = XCBuildConfiguration;
			buildSettings = {
				ASSETCATALOG_COMPILER_LAUNCHIMAGE_NAME = "Stub Launch Image";
				BAZEL_TARGET = "//spoor/runtime/wrappers/objc:objc_runtime_wrapper_tests";
				DEBUG_INFORMATION_FORMAT = dwarf;
				FRAMEWORK_SEARCH_PATHS = "";
				GCC_PREPROCESSOR_DEFINITIONS = "NDEBUG=1";
				HEADER_SEARCH_PATHS = "";
				INFOPLIST_FILE = "${PROJECT_FILE_PATH}/.tulsi/Resources/StubInfoPlist.plist";
				IPHONEOS_DEPLOYMENT_TARGET = 9.0;
				ONLY_ACTIVE_ARCH = YES;
				OTHER_CFLAGS = "--version";
				OTHER_LDFLAGS = "--version";
				OTHER_SWIFT_FLAGS = "--version";
				PRODUCT_BUNDLE_IDENTIFIER = com.bazelbuild.rulesapple.Tests;
				PRODUCT_NAME = objc_runtime_wrapper_tests;
				SDKROOT = iphoneos;
				SWIFT_INSTALL_OBJC_HEADER = NO;
				SWIFT_OBJC_INTERFACE_HEADER_NAME = "$(PRODUCT_NAME).h";
				TULSI_BUILD_PATH = spoor/runtime/wrappers/objc;
				TULSI_TEST_RUNNER_ONLY = YES;
				TULSI_XCODE_VERSION = 12.4.0.12D4e;
			};
			name = __TulsiTestRunner_Release;
		};
		5EAF2A2C58EC765D00000005 /* __TulsiTestRunner_Release */ = {
			isa = XCBuildConfiguration;
			buildSettings = {
				ASSETCATALOG_COMPILER_LAUNCHIMAGE_NAME = "Stub Launch Image";
				BAZEL_TARGET = "//spoor/runtime/wrappers/objc:objc_runtime_wrapper_tests_lib";
				DEBUG_INFORMATION_FORMAT = dwarf;
				FRAMEWORK_SEARCH_PATHS = "";
				GCC_PREPROCESSOR_DEFINITIONS = "NDEBUG=1";
				HEADER_SEARCH_PATHS = "";
				INFOPLIST_FILE = "${PROJECT_FILE_PATH}/.tulsi/Resources/StubInfoPlist.plist";
				IPHONEOS_DEPLOYMENT_TARGET = 14.4;
				ONLY_ACTIVE_ARCH = YES;
				OTHER_CFLAGS = "--version";
				OTHER_LDFLAGS = "--version";
				OTHER_SWIFT_FLAGS = "--version";
				PRODUCT_NAME = objc_runtime_wrapper_tests_lib;
				SDKROOT = iphoneos;
				SWIFT_INSTALL_OBJC_HEADER = NO;
				SWIFT_OBJC_INTERFACE_HEADER_NAME = "$(PRODUCT_NAME).h";
				TULSI_BUILD_PATH = spoor/runtime/wrappers/objc;
				TULSI_XCODE_VERSION = 12.4.0.12D4e;
			};
			name = __TulsiTestRunner_Release;
		};
		5EAF2A2C58EC765D00000006 /* __TulsiTestRunner_Release */ = {
			isa = XCBuildConfiguration;
			buildSettings = {
				ASSETCATALOG_COMPILER_LAUNCHIMAGE_NAME = "Stub Launch Image";
				BAZEL_TARGET = "//spoor/runtime/wrappers/objc:objc_runtime_stub";
				DEBUG_INFORMATION_FORMAT = dwarf;
				FRAMEWORK_SEARCH_PATHS = "";
				GCC_PREPROCESSOR_DEFINITIONS = "NDEBUG=1";
				HEADER_SEARCH_PATHS = "";
				INFOPLIST_FILE = "${PROJECT_FILE_PATH}/.tulsi/Resources/StubInfoPlist.plist";
				IPHONEOS_DEPLOYMENT_TARGET = 14.4;
				ONLY_ACTIVE_ARCH = YES;
				OTHER_CFLAGS = "--version";
				OTHER_LDFLAGS = "--version";
				OTHER_SWIFT_FLAGS = "--version";
				PRODUCT_NAME = "spoor-runtime-wrappers-objc-objc_runtime_stub";
				SDKROOT = iphoneos;
				SWIFT_INSTALL_OBJC_HEADER = NO;
				SWIFT_OBJC_INTERFACE_HEADER_NAME = "$(PRODUCT_NAME).h";
				TULSI_BUILD_PATH = spoor/runtime/wrappers/objc;
				TULSI_XCODE_VERSION = 12.4.0.12D4e;
			};
			name = __TulsiTestRunner_Release;
		};
		5EAF2A2C58EC765D00000007 /* __TulsiTestRunner_Release */ = {
			isa = XCBuildConfiguration;
			buildSettings = {
				ASSETCATALOG_COMPILER_LAUNCHIMAGE_NAME = "Stub Launch Image";
				BAZEL_TARGET = "//spoor/runtime/wrappers/objc:objc_runtime_stub_tests_lib";
				DEBUG_INFORMATION_FORMAT = dwarf;
				FRAMEWORK_SEARCH_PATHS = "";
				GCC_PREPROCESSOR_DEFINITIONS = "NDEBUG=1";
				HEADER_SEARCH_PATHS = "";
				INFOPLIST_FILE = "${PROJECT_FILE_PATH}/.tulsi/Resources/StubInfoPlist.plist";
				IPHONEOS_DEPLOYMENT_TARGET = 14.4;
				ONLY_ACTIVE_ARCH = YES;
				OTHER_CFLAGS = "--version";
				OTHER_LDFLAGS = "--version";
				OTHER_SWIFT_FLAGS = "--version";
				PRODUCT_NAME = "spoor-runtime-wrappers-objc-objc_runtime_stub_tests_lib";
				SDKROOT = iphoneos;
				SWIFT_INSTALL_OBJC_HEADER = NO;
				SWIFT_OBJC_INTERFACE_HEADER_NAME = "$(PRODUCT_NAME).h";
				TULSI_BUILD_PATH = spoor/runtime/wrappers/objc;
				TULSI_XCODE_VERSION = 12.4.0.12D4e;
			};
			name = __TulsiTestRunner_Release;
		};
		5EAF2A2C58EC765D00000008 /* __TulsiTestRunner_Release */ = {
			isa = XCBuildConfiguration;
			buildSettings = {
				ASSETCATALOG_COMPILER_LAUNCHIMAGE_NAME = "Stub Launch Image";
				BAZEL_TARGET = "//spoor/runtime/wrappers/objc:objc_runtime_wrapper_tests_lib";
				DEBUG_INFORMATION_FORMAT = dwarf;
				FRAMEWORK_SEARCH_PATHS = "";
				GCC_PREPROCESSOR_DEFINITIONS = "NDEBUG=1";
				HEADER_SEARCH_PATHS = "";
				INFOPLIST_FILE = "${PROJECT_FILE_PATH}/.tulsi/Resources/StubInfoPlist.plist";
				IPHONEOS_DEPLOYMENT_TARGET = 9.0;
				ONLY_ACTIVE_ARCH = YES;
				OTHER_CFLAGS = "--version";
				OTHER_LDFLAGS = "--version";
				OTHER_SWIFT_FLAGS = "--version";
				PRODUCT_NAME = "spoor-runtime-wrappers-objc-objc_runtime_wrapper_tests_lib";
				SDKROOT = iphoneos;
				SWIFT_INSTALL_OBJC_HEADER = NO;
				SWIFT_OBJC_INTERFACE_HEADER_NAME = "$(PRODUCT_NAME).h";
				TULSI_BUILD_PATH = spoor/runtime/wrappers/objc;
				TULSI_XCODE_VERSION = 12.4.0.12D4e;
			};
			name = __TulsiTestRunner_Release;
		};
		5EAF2A2C787BC63B00000000 /* Release */ = {
			isa = XCBuildConfiguration;
			buildSettings = {
				ALWAYS_SEARCH_USER_PATHS = NO;
				CLANG_CXX_LANGUAGE_STANDARD = "gnu++17";
				CLANG_ENABLE_OBJC_ARC = YES;
				CLANG_WARN_BOOL_CONVERSION = YES;
				CLANG_WARN_CONSTANT_CONVERSION = YES;
				CLANG_WARN_EMPTY_BODY = YES;
				CLANG_WARN_ENUM_CONVERSION = YES;
				CLANG_WARN_INT_CONVERSION = YES;
				CLANG_WARN_UNREACHABLE_CODE = YES;
				CLANG_WARN__DUPLICATE_METHOD_MATCH = YES;
				CODE_SIGNING_REQUIRED = NO;
				CODE_SIGN_IDENTITY = "";
				DONT_RUN_SWIFT_STDLIB_TOOL = YES;
				ENABLE_TESTABILITY = YES;
				FRAMEWORK_SEARCH_PATHS = "$(PLATFORM_DIR)/Developer/Library/Frameworks";
				GCC_PREPROCESSOR_DEFINITIONS = "NDEBUG=1";
				GCC_WARN_64_TO_32_BIT_CONVERSION = YES;
				GCC_WARN_ABOUT_RETURN_TYPE = YES;
				GCC_WARN_UNDECLARED_SELECTOR = YES;
				GCC_WARN_UNINITIALIZED_AUTOS = YES;
				GCC_WARN_UNUSED_FUNCTION = YES;
				GCC_WARN_UNUSED_VARIABLE = YES;
				HEADER_SEARCH_PATHS = "$(TULSI_BWRS) $(TULSI_WR)/bazel-bin $(TULSI_WR)/bazel-genfiles $(TULSI_BWRS)/bazel-tulsi-includes/x/x";
				ONLY_ACTIVE_ARCH = YES;
				PYTHONIOENCODING = utf8;
				SDKROOT = iphoneos;
				TULSI_BWRS = "$(PROJECT_FILE_PATH)/.tulsi/tulsi-workspace";
				TULSI_LLDBINIT_FILE = "$(PROJECT_FILE_PATH)/.tulsi/Utils/lldbinit";
				TULSI_PROJECT = Spoor;
				TULSI_VERSION = 0.20210318.88;
				TULSI_WR = "${SRCROOT}/../../../..";
			};
			name = Release;
		};
		5EAF2A2C787BC63B00000001 /* Release */ = {
			isa = XCBuildConfiguration;
			buildSettings = {
				GCC_PREPROCESSOR_DEFINITIONS = "NDEBUG=1";
				HEADER_SEARCH_PATHS = "$(inherited) $(TULSI_BWRS)/bazel-tulsi-includes/x/x/external/com_microsoft_gsl/_virtual_includes/gsl $(TULSI_WR)/. $(TULSI_BWRS)/bazel-tulsi-includes/x/x/ $(TULSI_BWRS)/external/com_microsoft_gsl $(TULSI_BWRS)/bazel-tulsi-includes/x/x/external/com_microsoft_gsl ";
				IPHONEOS_DEPLOYMENT_TARGET = 9.0;
				OTHER_CFLAGS = "-DGRPC_BAZEL_BUILD -D_FORTIFY_SOURCE=1 -D__DATE__=\"redacted\" -D__TIMESTAMP__=\"redacted\" -D__TIME__=\"redacted\"";
				PRODUCT_NAME = _idx_objc_runtime_stub_tests_lib_objc_runtime_stub_AC489AE0_ios_min9.0;
				SDKROOT = iphoneos;
				USER_HEADER_SEARCH_PATHS = "$(TULSI_WR)";
			};
			name = Release;
		};
		5EAF2A2C787BC63B00000002 /* Release */ = {
			isa = XCBuildConfiguration;
			buildSettings = {
				GCC_PREPROCESSOR_DEFINITIONS = "NDEBUG=1";
				HEADER_SEARCH_PATHS = "$(inherited) $(TULSI_BWRS)/bazel-tulsi-includes/x/x/external/com_microsoft_gsl/_virtual_includes/gsl $(TULSI_WR)/. $(TULSI_BWRS)/bazel-tulsi-includes/x/x/ $(TULSI_BWRS)/external/com_microsoft_gsl $(TULSI_BWRS)/bazel-tulsi-includes/x/x/external/com_microsoft_gsl ";
				IPHONEOS_DEPLOYMENT_TARGET = 9.0;
				OTHER_CFLAGS = "-DGRPC_BAZEL_BUILD -D_FORTIFY_SOURCE=1 -D__DATE__=\"redacted\" -D__TIMESTAMP__=\"redacted\" -D__TIME__=\"redacted\"";
				PRODUCT_NAME = _idx_runtime_stub_8DA74B96_ios_min9.0;
				SDKROOT = iphoneos;
				USER_HEADER_SEARCH_PATHS = "$(TULSI_WR)";
			};
			name = Release;
		};
		5EAF2A2C787BC63B00000003 /* Release */ = {
			isa = XCBuildConfiguration;
			buildSettings = {
				GCC_PREPROCESSOR_DEFINITIONS = "NDEBUG=1";
				HEADER_SEARCH_PATHS = "$(inherited) $(TULSI_BWRS)/bazel-tulsi-includes/x/x/external/com_microsoft_gsl/_virtual_includes/gsl $(TULSI_WR)/. $(TULSI_BWRS)/bazel-tulsi-includes/x/x/ $(TULSI_BWRS)/external/com_microsoft_gsl $(TULSI_BWRS)/bazel-tulsi-includes/x/x/external/com_microsoft_gsl ";
				IPHONEOS_DEPLOYMENT_TARGET = 14.4;
				OTHER_CFLAGS = "-DGRPC_BAZEL_BUILD -D_FORTIFY_SOURCE=1 -D__DATE__=\"redacted\" -D__TIMESTAMP__=\"redacted\" -D__TIME__=\"redacted\"";
				PRODUCT_NAME = _idx_objc_runtime_wrapper_tests_lib_objc_runtime_stub_objc_runtime_stub_tests_lib_B7D6D655_ios_min14.4;
				SDKROOT = iphoneos;
				USER_HEADER_SEARCH_PATHS = "$(TULSI_WR)";
			};
			name = Release;
		};
		5EAF2A2C787BC63B00000004 /* Release */ = {
			isa = XCBuildConfiguration;
			buildSettings = {
				GCC_PREPROCESSOR_DEFINITIONS = "NDEBUG=1";
				HEADER_SEARCH_PATHS = "$(inherited) $(TULSI_BWRS)/bazel-tulsi-includes/x/x/external/com_microsoft_gsl/_virtual_includes/gsl $(TULSI_WR)/. $(TULSI_BWRS)/bazel-tulsi-includes/x/x/ $(TULSI_BWRS)/external/com_microsoft_gsl $(TULSI_BWRS)/bazel-tulsi-includes/x/x/external/com_microsoft_gsl ";
				IPHONEOS_DEPLOYMENT_TARGET = 14.4;
				OTHER_CFLAGS = "-DGRPC_BAZEL_BUILD -D_FORTIFY_SOURCE=1 -D__DATE__=\"redacted\" -D__TIMESTAMP__=\"redacted\" -D__TIME__=\"redacted\"";
				PRODUCT_NAME = _idx_runtime_stub_8DA74B96_ios_min14.4;
				SDKROOT = iphoneos;
				USER_HEADER_SEARCH_PATHS = "$(TULSI_WR)";
			};
			name = Release;
		};
		5EAF2A2C787BC63B00000005 /* Release */ = {
			isa = XCBuildConfiguration;
			buildSettings = {
				ASSETCATALOG_COMPILER_LAUNCHIMAGE_NAME = "Stub Launch Image";
				BAZEL_TARGET = "//spoor/runtime/wrappers/objc:objc_runtime_stub";
				DEBUG_INFORMATION_FORMAT = dwarf;
				GCC_PREPROCESSOR_DEFINITIONS = "NDEBUG=1";
				INFOPLIST_FILE = "${PROJECT_FILE_PATH}/.tulsi/Resources/StubInfoPlist.plist";
				IPHONEOS_DEPLOYMENT_TARGET = 9.0;
				PRODUCT_NAME = objc_runtime_stub;
				SDKROOT = iphoneos;
				TULSI_BUILD_PATH = spoor/runtime/wrappers/objc;
				TULSI_XCODE_VERSION = 12.4.0.12D4e;
			};
			name = Release;
		};
		5EAF2A2C787BC63B00000006 /* Release */ = {
			isa = XCBuildConfiguration;
			buildSettings = {
				ASSETCATALOG_COMPILER_LAUNCHIMAGE_NAME = "Stub Launch Image";
				BAZEL_TARGET = "//spoor/runtime/wrappers/objc:objc_runtime_stub_tests";
				DEBUG_INFORMATION_FORMAT = dwarf;
				GCC_PREPROCESSOR_DEFINITIONS = "NDEBUG=1";
				HEADER_SEARCH_PATHS = "$(inherited) $(TULSI_BWRS)/bazel-tulsi-includes/x/x/external/com_microsoft_gsl/_virtual_includes/gsl $(TULSI_BWRS)/external/com_microsoft_gsl $(TULSI_BWRS)/bazel-tulsi-includes/x/x/external/com_microsoft_gsl $(TULSI_WR)/. $(TULSI_BWRS)/bazel-tulsi-includes/x/x/";
				INFOPLIST_FILE = "${PROJECT_FILE_PATH}/.tulsi/Resources/StubInfoPlist.plist";
				IPHONEOS_DEPLOYMENT_TARGET = 9.0;
				PRODUCT_BUNDLE_IDENTIFIER = com.bazelbuild.rulesapple.Tests;
				PRODUCT_NAME = objc_runtime_stub_tests;
				SDKROOT = iphoneos;
				TULSI_BUILD_PATH = spoor/runtime/wrappers/objc;
				TULSI_TEST_RUNNER_ONLY = YES;
				TULSI_XCODE_VERSION = 12.4.0.12D4e;
			};
			name = Release;
		};
		5EAF2A2C787BC63B00000007 /* Release */ = {
			isa = XCBuildConfiguration;
			buildSettings = {
				ASSETCATALOG_COMPILER_LAUNCHIMAGE_NAME = "Stub Launch Image";
				BAZEL_TARGET = "//spoor/runtime/wrappers/objc:objc_runtime_stub_tests_lib";
				DEBUG_INFORMATION_FORMAT = dwarf;
				GCC_PREPROCESSOR_DEFINITIONS = "NDEBUG=1";
				INFOPLIST_FILE = "${PROJECT_FILE_PATH}/.tulsi/Resources/StubInfoPlist.plist";
				IPHONEOS_DEPLOYMENT_TARGET = 9.0;
				PRODUCT_NAME = objc_runtime_stub_tests_lib;
				SDKROOT = iphoneos;
				TULSI_BUILD_PATH = spoor/runtime/wrappers/objc;
				TULSI_XCODE_VERSION = 12.4.0.12D4e;
			};
			name = Release;
		};
		5EAF2A2C787BC63B00000008 /* Release */ = {
			isa = XCBuildConfiguration;
			buildSettings = {
				ASSETCATALOG_COMPILER_LAUNCHIMAGE_NAME = "Stub Launch Image";
				BAZEL_TARGET = "//spoor/runtime/wrappers/objc:objc_runtime_wrapper_tests";
				DEBUG_INFORMATION_FORMAT = dwarf;
				GCC_PREPROCESSOR_DEFINITIONS = "NDEBUG=1";
				HEADER_SEARCH_PATHS = "$(inherited) $(TULSI_BWRS)/bazel-tulsi-includes/x/x/external/com_microsoft_gsl/_virtual_includes/gsl $(TULSI_BWRS)/external/com_microsoft_gsl $(TULSI_BWRS)/bazel-tulsi-includes/x/x/external/com_microsoft_gsl $(TULSI_WR)/. $(TULSI_BWRS)/bazel-tulsi-includes/x/x/";
				INFOPLIST_FILE = "${PROJECT_FILE_PATH}/.tulsi/Resources/StubInfoPlist.plist";
				IPHONEOS_DEPLOYMENT_TARGET = 9.0;
				PRODUCT_BUNDLE_IDENTIFIER = com.bazelbuild.rulesapple.Tests;
				PRODUCT_NAME = objc_runtime_wrapper_tests;
				SDKROOT = iphoneos;
				TULSI_BUILD_PATH = spoor/runtime/wrappers/objc;
				TULSI_TEST_RUNNER_ONLY = YES;
				TULSI_XCODE_VERSION = 12.4.0.12D4e;
			};
			name = Release;
		};
		5EAF2A2C787BC63B00000009 /* Release */ = {
			isa = XCBuildConfiguration;
			buildSettings = {
				ASSETCATALOG_COMPILER_LAUNCHIMAGE_NAME = "Stub Launch Image";
				BAZEL_TARGET = "//spoor/runtime/wrappers/objc:objc_runtime_wrapper_tests_lib";
				DEBUG_INFORMATION_FORMAT = dwarf;
				GCC_PREPROCESSOR_DEFINITIONS = "NDEBUG=1";
				INFOPLIST_FILE = "${PROJECT_FILE_PATH}/.tulsi/Resources/StubInfoPlist.plist";
				IPHONEOS_DEPLOYMENT_TARGET = 14.4;
				PRODUCT_NAME = objc_runtime_wrapper_tests_lib;
				SDKROOT = iphoneos;
				TULSI_BUILD_PATH = spoor/runtime/wrappers/objc;
				TULSI_XCODE_VERSION = 12.4.0.12D4e;
			};
			name = Release;
		};
		5EAF2A2C787BC63B0000000A /* Release */ = {
			isa = XCBuildConfiguration;
			buildSettings = {
				ASSETCATALOG_COMPILER_LAUNCHIMAGE_NAME = "Stub Launch Image";
				BAZEL_TARGET = "//spoor/runtime/wrappers/objc:objc_runtime_stub";
				DEBUG_INFORMATION_FORMAT = dwarf;
				GCC_PREPROCESSOR_DEFINITIONS = "NDEBUG=1";
				INFOPLIST_FILE = "${PROJECT_FILE_PATH}/.tulsi/Resources/StubInfoPlist.plist";
				IPHONEOS_DEPLOYMENT_TARGET = 14.4;
				PRODUCT_NAME = "spoor-runtime-wrappers-objc-objc_runtime_stub";
				SDKROOT = iphoneos;
				TULSI_BUILD_PATH = spoor/runtime/wrappers/objc;
				TULSI_XCODE_VERSION = 12.4.0.12D4e;
			};
			name = Release;
		};
		5EAF2A2C787BC63B0000000B /* Release */ = {
			isa = XCBuildConfiguration;
			buildSettings = {
				ASSETCATALOG_COMPILER_LAUNCHIMAGE_NAME = "Stub Launch Image";
				BAZEL_TARGET = "//spoor/runtime/wrappers/objc:objc_runtime_stub_tests_lib";
				DEBUG_INFORMATION_FORMAT = dwarf;
				GCC_PREPROCESSOR_DEFINITIONS = "NDEBUG=1";
				INFOPLIST_FILE = "${PROJECT_FILE_PATH}/.tulsi/Resources/StubInfoPlist.plist";
				IPHONEOS_DEPLOYMENT_TARGET = 14.4;
				PRODUCT_NAME = "spoor-runtime-wrappers-objc-objc_runtime_stub_tests_lib";
				SDKROOT = iphoneos;
				TULSI_BUILD_PATH = spoor/runtime/wrappers/objc;
				TULSI_XCODE_VERSION = 12.4.0.12D4e;
			};
			name = Release;
		};
		5EAF2A2C787BC63B0000000C /* Release */ = {
			isa = XCBuildConfiguration;
			buildSettings = {
				ASSETCATALOG_COMPILER_LAUNCHIMAGE_NAME = "Stub Launch Image";
				BAZEL_TARGET = "//spoor/runtime/wrappers/objc:objc_runtime_wrapper_tests_lib";
				DEBUG_INFORMATION_FORMAT = dwarf;
				GCC_PREPROCESSOR_DEFINITIONS = "NDEBUG=1";
				INFOPLIST_FILE = "${PROJECT_FILE_PATH}/.tulsi/Resources/StubInfoPlist.plist";
				IPHONEOS_DEPLOYMENT_TARGET = 9.0;
				PRODUCT_NAME = "spoor-runtime-wrappers-objc-objc_runtime_wrapper_tests_lib";
				SDKROOT = iphoneos;
				TULSI_BUILD_PATH = spoor/runtime/wrappers/objc;
				TULSI_XCODE_VERSION = 12.4.0.12D4e;
			};
			name = Release;
		};
		5EAF2A2C8F274CD700000000 /* Debug */ = {
			isa = XCBuildConfiguration;
			buildSettings = {
				ALWAYS_SEARCH_USER_PATHS = NO;
				CLANG_CXX_LANGUAGE_STANDARD = "gnu++17";
				CLANG_ENABLE_OBJC_ARC = YES;
				CLANG_WARN_BOOL_CONVERSION = YES;
				CLANG_WARN_CONSTANT_CONVERSION = YES;
				CLANG_WARN_EMPTY_BODY = YES;
				CLANG_WARN_ENUM_CONVERSION = YES;
				CLANG_WARN_INT_CONVERSION = YES;
				CLANG_WARN_UNREACHABLE_CODE = YES;
				CLANG_WARN__DUPLICATE_METHOD_MATCH = YES;
				CODE_SIGNING_REQUIRED = NO;
				CODE_SIGN_IDENTITY = "";
				DONT_RUN_SWIFT_STDLIB_TOOL = YES;
				ENABLE_TESTABILITY = YES;
				FRAMEWORK_SEARCH_PATHS = "$(PLATFORM_DIR)/Developer/Library/Frameworks";
				GCC_PREPROCESSOR_DEFINITIONS = "DEBUG=1";
				GCC_WARN_64_TO_32_BIT_CONVERSION = YES;
				GCC_WARN_ABOUT_RETURN_TYPE = YES;
				GCC_WARN_UNDECLARED_SELECTOR = YES;
				GCC_WARN_UNINITIALIZED_AUTOS = YES;
				GCC_WARN_UNUSED_FUNCTION = YES;
				GCC_WARN_UNUSED_VARIABLE = YES;
				HEADER_SEARCH_PATHS = "$(TULSI_BWRS) $(TULSI_WR)/bazel-bin $(TULSI_WR)/bazel-genfiles $(TULSI_BWRS)/bazel-tulsi-includes/x/x";
				ONLY_ACTIVE_ARCH = YES;
				PYTHONIOENCODING = utf8;
				SDKROOT = iphoneos;
				TULSI_BWRS = "$(PROJECT_FILE_PATH)/.tulsi/tulsi-workspace";
				TULSI_LLDBINIT_FILE = "$(PROJECT_FILE_PATH)/.tulsi/Utils/lldbinit";
				TULSI_PROJECT = Spoor;
				TULSI_VERSION = 0.20210318.88;
				TULSI_WR = "${SRCROOT}/../../../..";
			};
			name = Debug;
		};
		5EAF2A2C8F274CD700000001 /* Debug */ = {
			isa = XCBuildConfiguration;
			buildSettings = {
				GCC_PREPROCESSOR_DEFINITIONS = "DEBUG=1";
				HEADER_SEARCH_PATHS = "$(inherited) $(TULSI_BWRS)/bazel-tulsi-includes/x/x/external/com_microsoft_gsl/_virtual_includes/gsl $(TULSI_WR)/. $(TULSI_BWRS)/bazel-tulsi-includes/x/x/ $(TULSI_BWRS)/external/com_microsoft_gsl $(TULSI_BWRS)/bazel-tulsi-includes/x/x/external/com_microsoft_gsl ";
				IPHONEOS_DEPLOYMENT_TARGET = 9.0;
				OTHER_CFLAGS = "-DGRPC_BAZEL_BUILD -D_FORTIFY_SOURCE=1 -D__DATE__=\"redacted\" -D__TIMESTAMP__=\"redacted\" -D__TIME__=\"redacted\"";
				PRODUCT_NAME = _idx_objc_runtime_stub_tests_lib_objc_runtime_stub_AC489AE0_ios_min9.0;
				SDKROOT = iphoneos;
				USER_HEADER_SEARCH_PATHS = "$(TULSI_WR)";
			};
			name = Debug;
		};
		5EAF2A2C8F274CD700000002 /* Debug */ = {
			isa = XCBuildConfiguration;
			buildSettings = {
				GCC_PREPROCESSOR_DEFINITIONS = "DEBUG=1";
				HEADER_SEARCH_PATHS = "$(inherited) $(TULSI_BWRS)/bazel-tulsi-includes/x/x/external/com_microsoft_gsl/_virtual_includes/gsl $(TULSI_WR)/. $(TULSI_BWRS)/bazel-tulsi-includes/x/x/ $(TULSI_BWRS)/external/com_microsoft_gsl $(TULSI_BWRS)/bazel-tulsi-includes/x/x/external/com_microsoft_gsl ";
				IPHONEOS_DEPLOYMENT_TARGET = 9.0;
				OTHER_CFLAGS = "-DGRPC_BAZEL_BUILD -D_FORTIFY_SOURCE=1 -D__DATE__=\"redacted\" -D__TIMESTAMP__=\"redacted\" -D__TIME__=\"redacted\"";
				PRODUCT_NAME = _idx_runtime_stub_8DA74B96_ios_min9.0;
				SDKROOT = iphoneos;
				USER_HEADER_SEARCH_PATHS = "$(TULSI_WR)";
			};
			name = Debug;
		};
		5EAF2A2C8F274CD700000003 /* Debug */ = {
			isa = XCBuildConfiguration;
			buildSettings = {
				GCC_PREPROCESSOR_DEFINITIONS = "DEBUG=1";
				HEADER_SEARCH_PATHS = "$(inherited) $(TULSI_BWRS)/bazel-tulsi-includes/x/x/external/com_microsoft_gsl/_virtual_includes/gsl $(TULSI_WR)/. $(TULSI_BWRS)/bazel-tulsi-includes/x/x/ $(TULSI_BWRS)/external/com_microsoft_gsl $(TULSI_BWRS)/bazel-tulsi-includes/x/x/external/com_microsoft_gsl ";
				IPHONEOS_DEPLOYMENT_TARGET = 14.4;
				OTHER_CFLAGS = "-DGRPC_BAZEL_BUILD -D_FORTIFY_SOURCE=1 -D__DATE__=\"redacted\" -D__TIMESTAMP__=\"redacted\" -D__TIME__=\"redacted\"";
				PRODUCT_NAME = _idx_objc_runtime_wrapper_tests_lib_objc_runtime_stub_objc_runtime_stub_tests_lib_B7D6D655_ios_min14.4;
				SDKROOT = iphoneos;
				USER_HEADER_SEARCH_PATHS = "$(TULSI_WR)";
			};
			name = Debug;
		};
		5EAF2A2C8F274CD700000004 /* Debug */ = {
			isa = XCBuildConfiguration;
			buildSettings = {
				GCC_PREPROCESSOR_DEFINITIONS = "DEBUG=1";
				HEADER_SEARCH_PATHS = "$(inherited) $(TULSI_BWRS)/bazel-tulsi-includes/x/x/external/com_microsoft_gsl/_virtual_includes/gsl $(TULSI_WR)/. $(TULSI_BWRS)/bazel-tulsi-includes/x/x/ $(TULSI_BWRS)/external/com_microsoft_gsl $(TULSI_BWRS)/bazel-tulsi-includes/x/x/external/com_microsoft_gsl ";
				IPHONEOS_DEPLOYMENT_TARGET = 14.4;
				OTHER_CFLAGS = "-DGRPC_BAZEL_BUILD -D_FORTIFY_SOURCE=1 -D__DATE__=\"redacted\" -D__TIMESTAMP__=\"redacted\" -D__TIME__=\"redacted\"";
				PRODUCT_NAME = _idx_runtime_stub_8DA74B96_ios_min14.4;
				SDKROOT = iphoneos;
				USER_HEADER_SEARCH_PATHS = "$(TULSI_WR)";
			};
			name = Debug;
		};
		5EAF2A2C8F274CD700000005 /* Debug */ = {
			isa = XCBuildConfiguration;
			buildSettings = {
				ASSETCATALOG_COMPILER_LAUNCHIMAGE_NAME = "Stub Launch Image";
				BAZEL_TARGET = "//spoor/runtime/wrappers/objc:objc_runtime_stub";
				DEBUG_INFORMATION_FORMAT = dwarf;
				GCC_PREPROCESSOR_DEFINITIONS = "DEBUG=1";
				INFOPLIST_FILE = "${PROJECT_FILE_PATH}/.tulsi/Resources/StubInfoPlist.plist";
				IPHONEOS_DEPLOYMENT_TARGET = 9.0;
				PRODUCT_NAME = objc_runtime_stub;
				SDKROOT = iphoneos;
				TULSI_BUILD_PATH = spoor/runtime/wrappers/objc;
				TULSI_XCODE_VERSION = 12.4.0.12D4e;
			};
			name = Debug;
		};
		5EAF2A2C8F274CD700000006 /* Debug */ = {
			isa = XCBuildConfiguration;
			buildSettings = {
				ASSETCATALOG_COMPILER_LAUNCHIMAGE_NAME = "Stub Launch Image";
				BAZEL_TARGET = "//spoor/runtime/wrappers/objc:objc_runtime_stub_tests";
				DEBUG_INFORMATION_FORMAT = dwarf;
				GCC_PREPROCESSOR_DEFINITIONS = "DEBUG=1";
				HEADER_SEARCH_PATHS = "$(inherited) $(TULSI_BWRS)/bazel-tulsi-includes/x/x/external/com_microsoft_gsl/_virtual_includes/gsl $(TULSI_BWRS)/external/com_microsoft_gsl $(TULSI_BWRS)/bazel-tulsi-includes/x/x/external/com_microsoft_gsl $(TULSI_WR)/. $(TULSI_BWRS)/bazel-tulsi-includes/x/x/";
				INFOPLIST_FILE = "${PROJECT_FILE_PATH}/.tulsi/Resources/StubInfoPlist.plist";
				IPHONEOS_DEPLOYMENT_TARGET = 9.0;
				PRODUCT_BUNDLE_IDENTIFIER = com.bazelbuild.rulesapple.Tests;
				PRODUCT_NAME = objc_runtime_stub_tests;
				SDKROOT = iphoneos;
				TULSI_BUILD_PATH = spoor/runtime/wrappers/objc;
				TULSI_TEST_RUNNER_ONLY = YES;
				TULSI_XCODE_VERSION = 12.4.0.12D4e;
			};
			name = Debug;
		};
		5EAF2A2C8F274CD700000007 /* Debug */ = {
			isa = XCBuildConfiguration;
			buildSettings = {
				ASSETCATALOG_COMPILER_LAUNCHIMAGE_NAME = "Stub Launch Image";
				BAZEL_TARGET = "//spoor/runtime/wrappers/objc:objc_runtime_stub_tests_lib";
				DEBUG_INFORMATION_FORMAT = dwarf;
				GCC_PREPROCESSOR_DEFINITIONS = "DEBUG=1";
				INFOPLIST_FILE = "${PROJECT_FILE_PATH}/.tulsi/Resources/StubInfoPlist.plist";
				IPHONEOS_DEPLOYMENT_TARGET = 9.0;
				PRODUCT_NAME = objc_runtime_stub_tests_lib;
				SDKROOT = iphoneos;
				TULSI_BUILD_PATH = spoor/runtime/wrappers/objc;
				TULSI_XCODE_VERSION = 12.4.0.12D4e;
			};
			name = Debug;
		};
		5EAF2A2C8F274CD700000008 /* Debug */ = {
			isa = XCBuildConfiguration;
			buildSettings = {
				ASSETCATALOG_COMPILER_LAUNCHIMAGE_NAME = "Stub Launch Image";
				BAZEL_TARGET = "//spoor/runtime/wrappers/objc:objc_runtime_wrapper_tests";
				DEBUG_INFORMATION_FORMAT = dwarf;
				GCC_PREPROCESSOR_DEFINITIONS = "DEBUG=1";
				HEADER_SEARCH_PATHS = "$(inherited) $(TULSI_BWRS)/bazel-tulsi-includes/x/x/external/com_microsoft_gsl/_virtual_includes/gsl $(TULSI_BWRS)/external/com_microsoft_gsl $(TULSI_BWRS)/bazel-tulsi-includes/x/x/external/com_microsoft_gsl $(TULSI_WR)/. $(TULSI_BWRS)/bazel-tulsi-includes/x/x/";
				INFOPLIST_FILE = "${PROJECT_FILE_PATH}/.tulsi/Resources/StubInfoPlist.plist";
				IPHONEOS_DEPLOYMENT_TARGET = 9.0;
				PRODUCT_BUNDLE_IDENTIFIER = com.bazelbuild.rulesapple.Tests;
				PRODUCT_NAME = objc_runtime_wrapper_tests;
				SDKROOT = iphoneos;
				TULSI_BUILD_PATH = spoor/runtime/wrappers/objc;
				TULSI_TEST_RUNNER_ONLY = YES;
				TULSI_XCODE_VERSION = 12.4.0.12D4e;
			};
			name = Debug;
		};
		5EAF2A2C8F274CD700000009 /* Debug */ = {
			isa = XCBuildConfiguration;
			buildSettings = {
				ASSETCATALOG_COMPILER_LAUNCHIMAGE_NAME = "Stub Launch Image";
				BAZEL_TARGET = "//spoor/runtime/wrappers/objc:objc_runtime_wrapper_tests_lib";
				DEBUG_INFORMATION_FORMAT = dwarf;
				GCC_PREPROCESSOR_DEFINITIONS = "DEBUG=1";
				INFOPLIST_FILE = "${PROJECT_FILE_PATH}/.tulsi/Resources/StubInfoPlist.plist";
				IPHONEOS_DEPLOYMENT_TARGET = 14.4;
				PRODUCT_NAME = objc_runtime_wrapper_tests_lib;
				SDKROOT = iphoneos;
				TULSI_BUILD_PATH = spoor/runtime/wrappers/objc;
				TULSI_XCODE_VERSION = 12.4.0.12D4e;
			};
			name = Debug;
		};
		5EAF2A2C8F274CD70000000A /* Debug */ = {
			isa = XCBuildConfiguration;
			buildSettings = {
				ASSETCATALOG_COMPILER_LAUNCHIMAGE_NAME = "Stub Launch Image";
				BAZEL_TARGET = "//spoor/runtime/wrappers/objc:objc_runtime_stub";
				DEBUG_INFORMATION_FORMAT = dwarf;
				GCC_PREPROCESSOR_DEFINITIONS = "DEBUG=1";
				INFOPLIST_FILE = "${PROJECT_FILE_PATH}/.tulsi/Resources/StubInfoPlist.plist";
				IPHONEOS_DEPLOYMENT_TARGET = 14.4;
				PRODUCT_NAME = "spoor-runtime-wrappers-objc-objc_runtime_stub";
				SDKROOT = iphoneos;
				TULSI_BUILD_PATH = spoor/runtime/wrappers/objc;
				TULSI_XCODE_VERSION = 12.4.0.12D4e;
			};
			name = Debug;
		};
		5EAF2A2C8F274CD70000000B /* Debug */ = {
			isa = XCBuildConfiguration;
			buildSettings = {
				ASSETCATALOG_COMPILER_LAUNCHIMAGE_NAME = "Stub Launch Image";
				BAZEL_TARGET = "//spoor/runtime/wrappers/objc:objc_runtime_stub_tests_lib";
				DEBUG_INFORMATION_FORMAT = dwarf;
				GCC_PREPROCESSOR_DEFINITIONS = "DEBUG=1";
				INFOPLIST_FILE = "${PROJECT_FILE_PATH}/.tulsi/Resources/StubInfoPlist.plist";
				IPHONEOS_DEPLOYMENT_TARGET = 14.4;
				PRODUCT_NAME = "spoor-runtime-wrappers-objc-objc_runtime_stub_tests_lib";
				SDKROOT = iphoneos;
				TULSI_BUILD_PATH = spoor/runtime/wrappers/objc;
				TULSI_XCODE_VERSION = 12.4.0.12D4e;
			};
			name = Debug;
		};
		5EAF2A2C8F274CD70000000C /* Debug */ = {
			isa = XCBuildConfiguration;
			buildSettings = {
				ASSETCATALOG_COMPILER_LAUNCHIMAGE_NAME = "Stub Launch Image";
				BAZEL_TARGET = "//spoor/runtime/wrappers/objc:objc_runtime_wrapper_tests_lib";
				DEBUG_INFORMATION_FORMAT = dwarf;
				GCC_PREPROCESSOR_DEFINITIONS = "DEBUG=1";
				INFOPLIST_FILE = "${PROJECT_FILE_PATH}/.tulsi/Resources/StubInfoPlist.plist";
				IPHONEOS_DEPLOYMENT_TARGET = 9.0;
				PRODUCT_NAME = "spoor-runtime-wrappers-objc-objc_runtime_wrapper_tests_lib";
				SDKROOT = iphoneos;
				TULSI_BUILD_PATH = spoor/runtime/wrappers/objc;
				TULSI_XCODE_VERSION = 12.4.0.12D4e;
			};
			name = Debug;
		};
/* End XCBuildConfiguration section */

/* Begin XCConfigurationList section */
		589F808605B092F400000000 /* Build configuration list for PBXNativeTarget "_idx_runtime_stub_8DA74B96_ios_min14.4" */ = {
			isa = XCConfigurationList;
			buildConfigurations = (
				5EAF2A2C8F274CD700000004 /* Debug */,
				5EAF2A2C787BC63B00000004 /* Release */,
			);
			defaultConfigurationIsVisible = 0;
		};
		589F80860630D45C00000000 /* Build configuration list for PBXNativeTarget "_idx_objc_runtime_stub_tests_lib_objc_runtime_stub_AC489AE0_ios_min9.0" */ = {
			isa = XCConfigurationList;
			buildConfigurations = (
				5EAF2A2C8F274CD700000001 /* Debug */,
				5EAF2A2C787BC63B00000001 /* Release */,
			);
			defaultConfigurationIsVisible = 0;
		};
		589F80862425279500000000 /* Build configuration list for PBXNativeTarget "objc_runtime_stub_tests" */ = {
			isa = XCConfigurationList;
			buildConfigurations = (
				5EAF2A2C8F274CD700000006 /* Debug */,
				5EAF2A2C787BC63B00000006 /* Release */,
				5EAF2A2C43EAD70B00000002 /* __TulsiTestRunner_Debug */,
				5EAF2A2C58EC765D00000002 /* __TulsiTestRunner_Release */,
			);
			defaultConfigurationIsVisible = 0;
		};
		589F808625F46CF200000000 /* Build configuration list for PBXNativeTarget "_idx_runtime_stub_8DA74B96_ios_min9.0" */ = {
			isa = XCConfigurationList;
			buildConfigurations = (
				5EAF2A2C8F274CD700000002 /* Debug */,
				5EAF2A2C787BC63B00000002 /* Release */,
			);
			defaultConfigurationIsVisible = 0;
		};
		589F8086451A28BF00000000 /* Build configuration list for PBXNativeTarget "objc_runtime_stub" */ = {
			isa = XCConfigurationList;
			buildConfigurations = (
				5EAF2A2C8F274CD700000005 /* Debug */,
				5EAF2A2C787BC63B00000005 /* Release */,
				5EAF2A2C43EAD70B00000001 /* __TulsiTestRunner_Debug */,
				5EAF2A2C58EC765D00000001 /* __TulsiTestRunner_Release */,
			);
			defaultConfigurationIsVisible = 0;
		};
		589F808658BB112500000000 /* Build configuration list for PBXNativeTarget "objc_runtime_wrapper_tests_lib" */ = {
			isa = XCConfigurationList;
			buildConfigurations = (
				5EAF2A2C8F274CD700000009 /* Debug */,
				5EAF2A2C787BC63B00000009 /* Release */,
				5EAF2A2C43EAD70B00000005 /* __TulsiTestRunner_Debug */,
				5EAF2A2C58EC765D00000005 /* __TulsiTestRunner_Release */,
			);
			defaultConfigurationIsVisible = 0;
		};
		589F8086805A9E4E00000000 /* Build configuration list for PBXNativeTarget "objc_runtime_wrapper_tests" */ = {
			isa = XCConfigurationList;
			buildConfigurations = (
				5EAF2A2C8F274CD700000008 /* Debug */,
				5EAF2A2C787BC63B00000008 /* Release */,
				5EAF2A2C43EAD70B00000004 /* __TulsiTestRunner_Debug */,
				5EAF2A2C58EC765D00000004 /* __TulsiTestRunner_Release */,
			);
			defaultConfigurationIsVisible = 0;
		};
		589F8086A0C17D3D00000000 /* Build configuration list for PBXProject "Spoor" */ = {
			isa = XCConfigurationList;
			buildConfigurations = (
				5EAF2A2C8F274CD700000000 /* Debug */,
				5EAF2A2C787BC63B00000000 /* Release */,
				5EAF2A2C43EAD70B00000000 /* __TulsiTestRunner_Debug */,
				5EAF2A2C58EC765D00000000 /* __TulsiTestRunner_Release */,
			);
			defaultConfigurationIsVisible = 0;
		};
		589F8086B934B4FD00000000 /* Build configuration list for PBXNativeTarget "_idx_objc_runtime_wrapper_tests_lib_objc_runtime_stub_objc_runtime_stub_tests_lib_B7D6D655_ios_min14.4" */ = {
			isa = XCConfigurationList;
			buildConfigurations = (
				5EAF2A2C8F274CD700000003 /* Debug */,
				5EAF2A2C787BC63B00000003 /* Release */,
			);
			defaultConfigurationIsVisible = 0;
		};
		589F8086C37F232400000000 /* Build configuration list for PBXNativeTarget "spoor-runtime-wrappers-objc-objc_runtime_stub" */ = {
			isa = XCConfigurationList;
			buildConfigurations = (
				5EAF2A2C8F274CD70000000A /* Debug */,
				5EAF2A2C787BC63B0000000A /* Release */,
				5EAF2A2C43EAD70B00000006 /* __TulsiTestRunner_Debug */,
				5EAF2A2C58EC765D00000006 /* __TulsiTestRunner_Release */,
			);
			defaultConfigurationIsVisible = 0;
		};
		589F8086C80E34AB00000000 /* Build configuration list for PBXNativeTarget "spoor-runtime-wrappers-objc-objc_runtime_wrapper_tests_lib" */ = {
			isa = XCConfigurationList;
			buildConfigurations = (
				5EAF2A2C8F274CD70000000C /* Debug */,
				5EAF2A2C787BC63B0000000C /* Release */,
				5EAF2A2C43EAD70B00000008 /* __TulsiTestRunner_Debug */,
				5EAF2A2C58EC765D00000008 /* __TulsiTestRunner_Release */,
			);
			defaultConfigurationIsVisible = 0;
		};
		589F8086D63A9AD600000000 /* Build configuration list for PBXNativeTarget "spoor-runtime-wrappers-objc-objc_runtime_stub_tests_lib" */ = {
			isa = XCConfigurationList;
			buildConfigurations = (
				5EAF2A2C8F274CD70000000B /* Debug */,
				5EAF2A2C787BC63B0000000B /* Release */,
				5EAF2A2C43EAD70B00000007 /* __TulsiTestRunner_Debug */,
				5EAF2A2C58EC765D00000007 /* __TulsiTestRunner_Release */,
			);
			defaultConfigurationIsVisible = 0;
		};
		589F8086E05528D900000000 /* Build configuration list for PBXNativeTarget "objc_runtime_stub_tests_lib" */ = {
			isa = XCConfigurationList;
			buildConfigurations = (
				5EAF2A2C8F274CD700000007 /* Debug */,
				5EAF2A2C787BC63B00000007 /* Release */,
				5EAF2A2C43EAD70B00000003 /* __TulsiTestRunner_Debug */,
				5EAF2A2C58EC765D00000003 /* __TulsiTestRunner_Release */,
			);
			defaultConfigurationIsVisible = 0;
		};
		589F8086E9D9CA7300000000 /* Build configuration list for PBXLegacyTarget "_bazel_clean_" */ = {
			isa = XCConfigurationList;
			buildConfigurations = (
			);
			defaultConfigurationIsVisible = 0;
		};
/* End XCConfigurationList section */
	};
	rootObject = 26F61C85DA49C21300000000 /* Project object */;
}