
<Scheme LastUpgradeVersion="1000" version="1.3">
    <BuildAction parallelizeBuildables="YES" buildImplicitDependencies="YES">
        <BuildActionEntries>
            <BuildActionEntry buildForArchiving="YES" buildForProfiling="YES" buildForAnalyzing="YES" buildForTesting="YES" buildForRunning="YES">
                <BuildableReference BlueprintIdentifier="758D42ABB301486400000000" BuildableName="objc_runtime_stub_tests.xctest" BuildableIdentifier="primary" ReferencedContainer="container:Spoor.xcodeproj" BlueprintName="objc_runtime_stub_tests"></BuildableReference>
            </BuildActionEntry>
        </BuildActionEntries>
    </BuildAction>
    <TestAction buildConfiguration="__TulsiTestRunner_Debug" selectedLauncherIdentifier="Xcode.DebuggerFoundation.Launcher.LLDB" customLLDBInitFile="$(PROJECT_FILE_PATH)/.tulsi/Utils/lldbinit" selectedDebuggerIdentifier="Xcode.DebuggerFoundation.Debugger.LLDB" shouldUseLaunchSchemeArgsEnv="YES">
        <Testables>
            <TestableReference skipped="NO">
                <BuildableReference BuildableIdentifier="primary" ReferencedContainer="container:Spoor.xcodeproj" BlueprintName="objc_runtime_stub_tests" BlueprintIdentifier="758D42ABB301486400000000" BuildableName="objc_runtime_stub_tests.xctest"></BuildableReference>
            </TestableReference>
        </Testables>
        <BuildableProductRunnable runnableDebuggingMode="0">
            <BuildableReference BuildableName="objc_runtime_stub_tests.xctest" BlueprintIdentifier="758D42ABB301486400000000" BuildableIdentifier="primary" BlueprintName="objc_runtime_stub_tests" ReferencedContainer="container:Spoor.xcodeproj"></BuildableReference>
        </BuildableProductRunnable>
    </TestAction>
    <LaunchAction allowLocationSimulation="YES" launchStyle="0" selectedDebuggerIdentifier="Xcode.DebuggerFoundation.Debugger.LLDB" selectedLauncherIdentifier="Xcode.DebuggerFoundation.Launcher.LLDB" buildConfiguration="Debug" useCustomWorkingDirectory="NO" ignoresPersistentStateOnLaunch="NO" customLLDBInitFile="$(PROJECT_FILE_PATH)/.tulsi/Utils/lldbinit" debugServiceExtension="internal" debugDocumentVersioning="YES">
        <EnvironmentVariables></EnvironmentVariables>
        <MacroExpansion>
            <BuildableReference ReferencedContainer="container:Spoor.xcodeproj" BlueprintName="objc_runtime_stub_tests" BuildableName="objc_runtime_stub_tests.xctest" BuildableIdentifier="primary" BlueprintIdentifier="758D42ABB301486400000000"></BuildableReference>
        </MacroExpansion>
    </LaunchAction>
    <ProfileAction shouldUseLaunchSchemeArgsEnv="YES" buildConfiguration="__TulsiTestRunner_Release" useCustomWorkingDirectory="NO" debugDocumentVersioning="YES">
        <MacroExpansion>
            <BuildableReference BlueprintIdentifier="758D42ABB301486400000000" BlueprintName="objc_runtime_stub_tests" ReferencedContainer="container:Spoor.xcodeproj" BuildableIdentifier="primary" BuildableName="objc_runtime_stub_tests.xctest"></BuildableReference>
        </MacroExpansion>
    </ProfileAction>
    <AnalyzeAction buildConfiguration="Debug"></AnalyzeAction>
    <ArchiveAction buildConfiguration="Release" revealArchiveInOrganizer="YES"></ArchiveAction>
</Scheme>